// !$*UTF8*$!
{
	archiveVersion = 1;
	classes = {
	};
	objectVersion = 55;
	objects = {

/* Begin PBXBuildFile section */
		0D6C230785D092A770458063 /* Pods_SafeMe_SafeMeUITests.framework in Frameworks */ = {isa = PBXBuildFile; fileRef = D1023CEE72500D1D1858DC2F /* Pods_SafeMe_SafeMeUITests.framework */; };
		19F3001DA908FFE2BFC446E1 /* Pods_SafeMe.framework in Frameworks */ = {isa = PBXBuildFile; fileRef = 5E9DCCC2A253898EA7501532 /* Pods_SafeMe.framework */; };
		3401D41B2A67E4FA00978130 /* AboutCell.swift in Sources */ = {isa = PBXBuildFile; fileRef = 3401D41A2A67E4FA00978130 /* AboutCell.swift */; };
		349C9B232A73C59D00BC953A /* ProfileViewController.swift in Sources */ = {isa = PBXBuildFile; fileRef = 349C9B222A73C59D00BC953A /* ProfileViewController.swift */; };
		B842F2F82A8F5C90001F79BC /* PollViewPresenter.swift in Sources */ = {isa = PBXBuildFile; fileRef = B842F2F72A8F5C90001F79BC /* PollViewPresenter.swift */; };
		B842F2FA2A8F5E65001F79BC /* PollingCell.swift in Sources */ = {isa = PBXBuildFile; fileRef = B842F2F92A8F5E65001F79BC /* PollingCell.swift */; };
		B842F2FC2A8F6EE3001F79BC /* PollDetailViewController.swift in Sources */ = {isa = PBXBuildFile; fileRef = B842F2FB2A8F6EE3001F79BC /* PollDetailViewController.swift */; };
		B842F2FE2A8F745E001F79BC /* PollAnswerCell.swift in Sources */ = {isa = PBXBuildFile; fileRef = B842F2FD2A8F745E001F79BC /* PollAnswerCell.swift */; };
		B842F3002A8F7A40001F79BC /* PollDetailViewPresenter.swift in Sources */ = {isa = PBXBuildFile; fileRef = B842F2FF2A8F7A40001F79BC /* PollDetailViewPresenter.swift */; };
		B842F3022A90B328001F79BC /* TimerView.swift in Sources */ = {isa = PBXBuildFile; fileRef = B842F3012A90B328001F79BC /* TimerView.swift */; };
		B842F3052A90C092001F79BC /* LanguageViewController.swift in Sources */ = {isa = PBXBuildFile; fileRef = B842F3042A90C092001F79BC /* LanguageViewController.swift */; };
		B842F3092A90C36C001F79BC /* LanguageViewCell.swift in Sources */ = {isa = PBXBuildFile; fileRef = B842F3082A90C36C001F79BC /* LanguageViewCell.swift */; };
		B86ACA172A62D65300D04485 /* LoginViewController.swift in Sources */ = {isa = PBXBuildFile; fileRef = B86ACA162A62D65300D04485 /* LoginViewController.swift */; };
		B86ACA192A62DF8700D04485 /* UICustomTextField.swift in Sources */ = {isa = PBXBuildFile; fileRef = B86ACA182A62DF8700D04485 /* UICustomTextField.swift */; };
		B86ACA1B2A62DFAF00D04485 /* UIView+Extension.swift in Sources */ = {isa = PBXBuildFile; fileRef = B86ACA1A2A62DFAF00D04485 /* UIView+Extension.swift */; };
		B86ACA1D2A62DFCF00D04485 /* UILabel+Extension.swift in Sources */ = {isa = PBXBuildFile; fileRef = B86ACA1C2A62DFCF00D04485 /* UILabel+Extension.swift */; };
		B86ACA1F2A62E00400D04485 /* UIColor+Extension.swift in Sources */ = {isa = PBXBuildFile; fileRef = B86ACA1E2A62E00400D04485 /* UIColor+Extension.swift */; };
		B86ACA282A62EA5D00D04485 /* Montserrat-ExtraLight.ttf in Resources */ = {isa = PBXBuildFile; fileRef = B86ACA212A62EA5D00D04485 /* Montserrat-ExtraLight.ttf */; };
		B86ACA292A62EA5D00D04485 /* Montserrat-ExtraLight.ttf in Resources */ = {isa = PBXBuildFile; fileRef = B86ACA212A62EA5D00D04485 /* Montserrat-ExtraLight.ttf */; };
		B86ACA2A2A62EA5D00D04485 /* Montserrat-ExtraLight.ttf in Resources */ = {isa = PBXBuildFile; fileRef = B86ACA212A62EA5D00D04485 /* Montserrat-ExtraLight.ttf */; };
		B86ACA2B2A62EA5D00D04485 /* Montserrat-Bold.ttf in Resources */ = {isa = PBXBuildFile; fileRef = B86ACA222A62EA5D00D04485 /* Montserrat-Bold.ttf */; };
		B86ACA2C2A62EA5D00D04485 /* Montserrat-Bold.ttf in Resources */ = {isa = PBXBuildFile; fileRef = B86ACA222A62EA5D00D04485 /* Montserrat-Bold.ttf */; };
		B86ACA2D2A62EA5D00D04485 /* Montserrat-Bold.ttf in Resources */ = {isa = PBXBuildFile; fileRef = B86ACA222A62EA5D00D04485 /* Montserrat-Bold.ttf */; };
		B86ACA2E2A62EA5D00D04485 /* Montserrat-Regular.ttf in Resources */ = {isa = PBXBuildFile; fileRef = B86ACA232A62EA5D00D04485 /* Montserrat-Regular.ttf */; };
		B86ACA2F2A62EA5D00D04485 /* Montserrat-Regular.ttf in Resources */ = {isa = PBXBuildFile; fileRef = B86ACA232A62EA5D00D04485 /* Montserrat-Regular.ttf */; };
		B86ACA302A62EA5D00D04485 /* Montserrat-Regular.ttf in Resources */ = {isa = PBXBuildFile; fileRef = B86ACA232A62EA5D00D04485 /* Montserrat-Regular.ttf */; };
		B86ACA312A62EA5D00D04485 /* Montserrat-Medium.ttf in Resources */ = {isa = PBXBuildFile; fileRef = B86ACA242A62EA5D00D04485 /* Montserrat-Medium.ttf */; };
		B86ACA322A62EA5D00D04485 /* Montserrat-Medium.ttf in Resources */ = {isa = PBXBuildFile; fileRef = B86ACA242A62EA5D00D04485 /* Montserrat-Medium.ttf */; };
		B86ACA332A62EA5D00D04485 /* Montserrat-Medium.ttf in Resources */ = {isa = PBXBuildFile; fileRef = B86ACA242A62EA5D00D04485 /* Montserrat-Medium.ttf */; };
		B86ACA342A62EA5D00D04485 /* Montserrat-SemiBold.ttf in Resources */ = {isa = PBXBuildFile; fileRef = B86ACA252A62EA5D00D04485 /* Montserrat-SemiBold.ttf */; };
		B86ACA352A62EA5D00D04485 /* Montserrat-SemiBold.ttf in Resources */ = {isa = PBXBuildFile; fileRef = B86ACA252A62EA5D00D04485 /* Montserrat-SemiBold.ttf */; };
		B86ACA362A62EA5D00D04485 /* Montserrat-SemiBold.ttf in Resources */ = {isa = PBXBuildFile; fileRef = B86ACA252A62EA5D00D04485 /* Montserrat-SemiBold.ttf */; };
		B86ACA372A62EA5D00D04485 /* Montserrat-Thin.ttf in Resources */ = {isa = PBXBuildFile; fileRef = B86ACA262A62EA5D00D04485 /* Montserrat-Thin.ttf */; };
		B86ACA382A62EA5D00D04485 /* Montserrat-Thin.ttf in Resources */ = {isa = PBXBuildFile; fileRef = B86ACA262A62EA5D00D04485 /* Montserrat-Thin.ttf */; };
		B86ACA392A62EA5D00D04485 /* Montserrat-Thin.ttf in Resources */ = {isa = PBXBuildFile; fileRef = B86ACA262A62EA5D00D04485 /* Montserrat-Thin.ttf */; };
		B86ACA3A2A62EA5D00D04485 /* Montserrat-Light.ttf in Resources */ = {isa = PBXBuildFile; fileRef = B86ACA272A62EA5D00D04485 /* Montserrat-Light.ttf */; };
		B86ACA3B2A62EA5D00D04485 /* Montserrat-Light.ttf in Resources */ = {isa = PBXBuildFile; fileRef = B86ACA272A62EA5D00D04485 /* Montserrat-Light.ttf */; };
		B86ACA3C2A62EA5D00D04485 /* Montserrat-Light.ttf in Resources */ = {isa = PBXBuildFile; fileRef = B86ACA272A62EA5D00D04485 /* Montserrat-Light.ttf */; };
		B86ACA3E2A62EB6600D04485 /* UIFont+Extension.swift in Sources */ = {isa = PBXBuildFile; fileRef = B86ACA3D2A62EB6600D04485 /* UIFont+Extension.swift */; };
		B86ACA3F2A62EB6600D04485 /* UIFont+Extension.swift in Sources */ = {isa = PBXBuildFile; fileRef = B86ACA3D2A62EB6600D04485 /* UIFont+Extension.swift */; };
		B86ACA402A62EB6600D04485 /* UIFont+Extension.swift in Sources */ = {isa = PBXBuildFile; fileRef = B86ACA3D2A62EB6600D04485 /* UIFont+Extension.swift */; };
		B86ACA422A62EB9E00D04485 /* Textfield+Extension.swift in Sources */ = {isa = PBXBuildFile; fileRef = B86ACA412A62EB9E00D04485 /* Textfield+Extension.swift */; };
		B86ACA432A62EB9E00D04485 /* Textfield+Extension.swift in Sources */ = {isa = PBXBuildFile; fileRef = B86ACA412A62EB9E00D04485 /* Textfield+Extension.swift */; };
		B86ACA442A62EB9E00D04485 /* Textfield+Extension.swift in Sources */ = {isa = PBXBuildFile; fileRef = B86ACA412A62EB9E00D04485 /* Textfield+Extension.swift */; };
		B86ACA462A62EBD100D04485 /* StackView+Extension.swift in Sources */ = {isa = PBXBuildFile; fileRef = B86ACA452A62EBD100D04485 /* StackView+Extension.swift */; };
		B86ACA472A62EBD100D04485 /* StackView+Extension.swift in Sources */ = {isa = PBXBuildFile; fileRef = B86ACA452A62EBD100D04485 /* StackView+Extension.swift */; };
		B86ACA482A62EBD100D04485 /* StackView+Extension.swift in Sources */ = {isa = PBXBuildFile; fileRef = B86ACA452A62EBD100D04485 /* StackView+Extension.swift */; };
		B86ACA4A2A62EC5A00D04485 /* SetupViews.swift in Sources */ = {isa = PBXBuildFile; fileRef = B86ACA492A62EC5A00D04485 /* SetupViews.swift */; };
		B86ACA4B2A62EC5A00D04485 /* SetupViews.swift in Sources */ = {isa = PBXBuildFile; fileRef = B86ACA492A62EC5A00D04485 /* SetupViews.swift */; };
		B86ACA4C2A62EC5A00D04485 /* SetupViews.swift in Sources */ = {isa = PBXBuildFile; fileRef = B86ACA492A62EC5A00D04485 /* SetupViews.swift */; };
		B86ACA4E2A62F2BE00D04485 /* Button + Extension.swift in Sources */ = {isa = PBXBuildFile; fileRef = B86ACA4D2A62F2BE00D04485 /* Button + Extension.swift */; };
		B86ACA4F2A62F2BE00D04485 /* Button + Extension.swift in Sources */ = {isa = PBXBuildFile; fileRef = B86ACA4D2A62F2BE00D04485 /* Button + Extension.swift */; };
		B86ACA502A62F2BE00D04485 /* Button + Extension.swift in Sources */ = {isa = PBXBuildFile; fileRef = B86ACA4D2A62F2BE00D04485 /* Button + Extension.swift */; };
		B86ACA762A65932000D04485 /* SideMenuViewController.swift in Sources */ = {isa = PBXBuildFile; fileRef = B86ACA752A65932000D04485 /* SideMenuViewController.swift */; };
		B86ACA782A6667B900D04485 /* BaseViewController.swift in Sources */ = {isa = PBXBuildFile; fileRef = B86ACA772A6667B900D04485 /* BaseViewController.swift */; };
		B86ACA7B2A66E88D00D04485 /* MenuCell.swift in Sources */ = {isa = PBXBuildFile; fileRef = B86ACA7A2A66E88D00D04485 /* MenuCell.swift */; };
		B86ACA7D2A66E8BB00D04485 /* MenuModel.swift in Sources */ = {isa = PBXBuildFile; fileRef = B86ACA7C2A66E8BB00D04485 /* MenuModel.swift */; };
		B86ACA7F2A66ED9A00D04485 /* MenuControllerPresenter.swift in Sources */ = {isa = PBXBuildFile; fileRef = B86ACA7E2A66ED9A00D04485 /* MenuControllerPresenter.swift */; };
		B86ACA822A66F9B800D04485 /* AboutViewController.swift in Sources */ = {isa = PBXBuildFile; fileRef = B86ACA812A66F9B800D04485 /* AboutViewController.swift */; };
		B86ACA8B2A67C7BB00D04485 /* NewsViewController.swift in Sources */ = {isa = PBXBuildFile; fileRef = B86ACA8A2A67C7BB00D04485 /* NewsViewController.swift */; };
		B86ACA8D2A67C81100D04485 /* ChatViewController.swift in Sources */ = {isa = PBXBuildFile; fileRef = B86ACA8C2A67C81100D04485 /* ChatViewController.swift */; };
		B86ACA8F2A67C84400D04485 /* ConsultantViewController.swift in Sources */ = {isa = PBXBuildFile; fileRef = B86ACA8E2A67C84400D04485 /* ConsultantViewController.swift */; };
		B86ACA912A67C92F00D04485 /* PollViewController.swift in Sources */ = {isa = PBXBuildFile; fileRef = B86ACA902A67C92F00D04485 /* PollViewController.swift */; };
		B86ACA932A67C97100D04485 /* InspectorsViewController.swift in Sources */ = {isa = PBXBuildFile; fileRef = B86ACA922A67C97100D04485 /* InspectorsViewController.swift */; };
		B86ACA952A67C99300D04485 /* ApplicationsViewController.swift in Sources */ = {isa = PBXBuildFile; fileRef = B86ACA942A67C99300D04485 /* ApplicationsViewController.swift */; };
		B86ACA982A6ABF6C00D04485 /* KeyChainFile.swift in Sources */ = {isa = PBXBuildFile; fileRef = B86ACA972A6ABF6C00D04485 /* KeyChainFile.swift */; };
		B86ACA9B2A6AC0EF00D04485 /* ResultNetwork.swift in Sources */ = {isa = PBXBuildFile; fileRef = B86ACA9A2A6AC0EF00D04485 /* ResultNetwork.swift */; };
		B86ACAA02A6AC3B300D04485 /* Localizable.strings in Resources */ = {isa = PBXBuildFile; fileRef = B86ACAA22A6AC3B300D04485 /* Localizable.strings */; };
		B86ACAA82A6AC47800D04485 /* Bundle+Extension.swift in Sources */ = {isa = PBXBuildFile; fileRef = B86ACAA72A6AC47800D04485 /* Bundle+Extension.swift */; };
		B86ACAAA2A6AC4AE00D04485 /* String+Localize.swift in Sources */ = {isa = PBXBuildFile; fileRef = B86ACAA92A6AC4AE00D04485 /* String+Localize.swift */; };
		B86ACAAC2A6AC5A100D04485 /* StatusCode.swift in Sources */ = {isa = PBXBuildFile; fileRef = B86ACAAB2A6AC5A100D04485 /* StatusCode.swift */; };
		B86ACAAE2A6AC5F900D04485 /* API.swift in Sources */ = {isa = PBXBuildFile; fileRef = B86ACAAD2A6AC5F900D04485 /* API.swift */; };
		B86ACAB02A6ACF1500D04485 /* ResponseModel.swift in Sources */ = {isa = PBXBuildFile; fileRef = B86ACAAF2A6ACF1500D04485 /* ResponseModel.swift */; };
		B86ACAB32A6AD3B100D04485 /* Network.swift in Sources */ = {isa = PBXBuildFile; fileRef = B86ACAB22A6AD3B100D04485 /* Network.swift */; };
		B86ACAB52A6AD4BC00D04485 /* DeviceHeader.swift in Sources */ = {isa = PBXBuildFile; fileRef = B86ACAB42A6AD4BC00D04485 /* DeviceHeader.swift */; };
		B86ACAB72A6AD5DB00D04485 /* Auth+Network.swift in Sources */ = {isa = PBXBuildFile; fileRef = B86ACAB62A6AD5DB00D04485 /* Auth+Network.swift */; };
		B86ACAB92A6AD74700D04485 /* Date+Extension.swift in Sources */ = {isa = PBXBuildFile; fileRef = B86ACAB82A6AD74700D04485 /* Date+Extension.swift */; };
		B86ACABB2A6C0F9C00D04485 /* AuthDataModel.swift in Sources */ = {isa = PBXBuildFile; fileRef = B86ACABA2A6C0F9C00D04485 /* AuthDataModel.swift */; };
		B86ACABF2A6C1A5900D04485 /* LoginPresenter.swift in Sources */ = {isa = PBXBuildFile; fileRef = B86ACABE2A6C1A5900D04485 /* LoginPresenter.swift */; };
		B86ACAC12A6C203000D04485 /* AuthCell.swift in Sources */ = {isa = PBXBuildFile; fileRef = B86ACAC02A6C203000D04485 /* AuthCell.swift */; };
		B86ACAC32A6C651D00D04485 /* IndicatorView.swift in Sources */ = {isa = PBXBuildFile; fileRef = B86ACAC22A6C651D00D04485 /* IndicatorView.swift */; };
		B86ACAC52A6C727400D04485 /* ApplicationCodeViewController.swift in Sources */ = {isa = PBXBuildFile; fileRef = B86ACAC42A6C727400D04485 /* ApplicationCodeViewController.swift */; };
		B86ACAC72A6EFD0A00D04485 /* AppEnterCodePresenter.swift in Sources */ = {isa = PBXBuildFile; fileRef = B86ACAC62A6EFD0A00D04485 /* AppEnterCodePresenter.swift */; };
		B86ACACA2A6F1E9F00D04485 /* AgeFilterCell.swift in Sources */ = {isa = PBXBuildFile; fileRef = B86ACAC92A6F1E9F00D04485 /* AgeFilterCell.swift */; };
		B86ACACC2A6F861200D04485 /* CategoriesView.swift in Sources */ = {isa = PBXBuildFile; fileRef = B86ACACB2A6F861100D04485 /* CategoriesView.swift */; };
		B86ACACE2A6F874300D04485 /* CategoryCell.swift in Sources */ = {isa = PBXBuildFile; fileRef = B86ACACD2A6F874300D04485 /* CategoryCell.swift */; };
		B86ACAD02A6F903100D04485 /* CategoryModel.swift in Sources */ = {isa = PBXBuildFile; fileRef = B86ACACF2A6F903100D04485 /* CategoryModel.swift */; };
		B86ACAD22A6FA69400D04485 /* NewsDataModel.swift in Sources */ = {isa = PBXBuildFile; fileRef = B86ACAD12A6FA69400D04485 /* NewsDataModel.swift */; };
		B86ACAD42A6FA7A400D04485 /* NewsCell.swift in Sources */ = {isa = PBXBuildFile; fileRef = B86ACAD32A6FA7A400D04485 /* NewsCell.swift */; };
		B86ACAD62A6FAF8F00D04485 /* Inspector.swift in Sources */ = {isa = PBXBuildFile; fileRef = B86ACAD52A6FAF8F00D04485 /* Inspector.swift */; };
		B86ACAD82A6FAFC200D04485 /* InspectorCell.swift in Sources */ = {isa = PBXBuildFile; fileRef = B86ACAD72A6FAFC200D04485 /* InspectorCell.swift */; };
		B86ACAFF2A725A2F00D04485 /* SosViewController.swift in Sources */ = {isa = PBXBuildFile; fileRef = B86ACAFE2A725A2F00D04485 /* SosViewController.swift */; };
		B86ACB252A73C6DA00D04485 /* Inspectors+Network.swift in Sources */ = {isa = PBXBuildFile; fileRef = B86ACB242A73C6DA00D04485 /* Inspectors+Network.swift */; };
		B86ACB292A73D03400D04485 /* InspectorsPresenter.swift in Sources */ = {isa = PBXBuildFile; fileRef = B86ACB282A73D03400D04485 /* InspectorsPresenter.swift */; };
		B86ACB2F2A73E30800D04485 /* NewsPresenter.swift in Sources */ = {isa = PBXBuildFile; fileRef = B86ACB2E2A73E30800D04485 /* NewsPresenter.swift */; };
		B86ACB312A73EFC500D04485 /* News+Network.swift in Sources */ = {isa = PBXBuildFile; fileRef = B86ACB302A73EFC500D04485 /* News+Network.swift */; };
		B86ACB332A741DEB00D04485 /* String+Extension.swift in Sources */ = {isa = PBXBuildFile; fileRef = B86ACB322A741DEB00D04485 /* String+Extension.swift */; };
		B86ACB422A74312B00D04485 /* Roboto-Medium.ttf in Resources */ = {isa = PBXBuildFile; fileRef = B86ACB352A74312B00D04485 /* Roboto-Medium.ttf */; };
		B86ACB432A74312B00D04485 /* Roboto-Light.ttf in Resources */ = {isa = PBXBuildFile; fileRef = B86ACB362A74312B00D04485 /* Roboto-Light.ttf */; };
		B86ACB442A74312B00D04485 /* Roboto-Regular.ttf in Resources */ = {isa = PBXBuildFile; fileRef = B86ACB372A74312B00D04485 /* Roboto-Regular.ttf */; };
		B86ACB492A74312B00D04485 /* Roboto-Italic.ttf in Resources */ = {isa = PBXBuildFile; fileRef = B86ACB3C2A74312B00D04485 /* Roboto-Italic.ttf */; };
		B86ACB4A2A74312B00D04485 /* LICENSE.txt in Resources */ = {isa = PBXBuildFile; fileRef = B86ACB3D2A74312B00D04485 /* LICENSE.txt */; };
		B86ACB4C2A74312B00D04485 /* Roboto-Bold.ttf in Resources */ = {isa = PBXBuildFile; fileRef = B86ACB3F2A74312B00D04485 /* Roboto-Bold.ttf */; };
		B86ACB4D2A74312B00D04485 /* Roboto-Thin.ttf in Resources */ = {isa = PBXBuildFile; fileRef = B86ACB402A74312B00D04485 /* Roboto-Thin.ttf */; };
		B86ACB4E2A74312B00D04485 /* Roboto-Black.ttf in Resources */ = {isa = PBXBuildFile; fileRef = B86ACB412A74312B00D04485 /* Roboto-Black.ttf */; };
		B86ACB502A74398D00D04485 /* NewsDetailViewController.swift in Sources */ = {isa = PBXBuildFile; fileRef = B86ACB4F2A74398D00D04485 /* NewsDetailViewController.swift */; };
		B86ACB532A744E5700D04485 /* SuggestionsPresenter.swift in Sources */ = {isa = PBXBuildFile; fileRef = B86ACB522A744E5700D04485 /* SuggestionsPresenter.swift */; };
		B86ACB552A744EC400D04485 /* AgeCategory.swift in Sources */ = {isa = PBXBuildFile; fileRef = B86ACB542A744EC400D04485 /* AgeCategory.swift */; };
		B86ACB592A74515F00D04485 /* AgeCategory+Network.swift in Sources */ = {isa = PBXBuildFile; fileRef = B86ACB582A74515F00D04485 /* AgeCategory+Network.swift */; };
		B86ACB5B2A74542C00D04485 /* Categories+Network.swift in Sources */ = {isa = PBXBuildFile; fileRef = B86ACB5A2A74542C00D04485 /* Categories+Network.swift */; };
		B86ACB5D2A7463E100D04485 /* Recommendations+Network.swift in Sources */ = {isa = PBXBuildFile; fileRef = B86ACB5C2A7463E100D04485 /* Recommendations+Network.swift */; };
		B86ACB5F2A74651100D04485 /* RecommendationModel.swift in Sources */ = {isa = PBXBuildFile; fileRef = B86ACB5E2A74651100D04485 /* RecommendationModel.swift */; };
		B86ACB612A7467DF00D04485 /* AgeCategoriesView.swift in Sources */ = {isa = PBXBuildFile; fileRef = B86ACB602A7467DF00D04485 /* AgeCategoriesView.swift */; };
		B86ACB632A74EDB500D04485 /* RecommendationsView.swift in Sources */ = {isa = PBXBuildFile; fileRef = B86ACB622A74EDB500D04485 /* RecommendationsView.swift */; };
		B86ACB652A74F07D00D04485 /* RecommendationCell.swift in Sources */ = {isa = PBXBuildFile; fileRef = B86ACB642A74F07D00D04485 /* RecommendationCell.swift */; };
		B86ACB672A74F6CA00D04485 /* RecommendationDetailViewController.swift in Sources */ = {isa = PBXBuildFile; fileRef = B86ACB662A74F6CA00D04485 /* RecommendationDetailViewController.swift */; };
		B86ACB6A2A750BC200D04485 /* ChatPresenter.swift in Sources */ = {isa = PBXBuildFile; fileRef = B86ACB692A750BC200D04485 /* ChatPresenter.swift */; };
		B86ACB6D2A75179E00D04485 /* GamesTableView.swift in Sources */ = {isa = PBXBuildFile; fileRef = B86ACB6C2A75179E00D04485 /* GamesTableView.swift */; };
		B86ACB6F2A751BD700D04485 /* GameModel.swift in Sources */ = {isa = PBXBuildFile; fileRef = B86ACB6E2A751BD700D04485 /* GameModel.swift */; };
		B86ACB712A751DCC00D04485 /* GameViewCell.swift in Sources */ = {isa = PBXBuildFile; fileRef = B86ACB702A751DCC00D04485 /* GameViewCell.swift */; };
		B86ACB732A75227100D04485 /* Games+Network.swift in Sources */ = {isa = PBXBuildFile; fileRef = B86ACB722A75227100D04485 /* Games+Network.swift */; };
		B870ED732A82E84000C1D0E3 /* ProfileRegister+Network.swift in Sources */ = {isa = PBXBuildFile; fileRef = B870ED722A82E84000C1D0E3 /* ProfileRegister+Network.swift */; };
		B870ED752A83706300C1D0E3 /* DistrictModel.swift in Sources */ = {isa = PBXBuildFile; fileRef = B870ED742A83706300C1D0E3 /* DistrictModel.swift */; };
		B870ED7A2A83734E00C1D0E3 /* UpdateProfileViewController.swift in Sources */ = {isa = PBXBuildFile; fileRef = B870ED792A83734E00C1D0E3 /* UpdateProfileViewController.swift */; };
		B870ED7C2A83735800C1D0E3 /* UpdateProfilePresenter.swift in Sources */ = {isa = PBXBuildFile; fileRef = B870ED7B2A83735800C1D0E3 /* UpdateProfilePresenter.swift */; };
		B875C3792A7F08E8004FEA92 /* User.swift in Sources */ = {isa = PBXBuildFile; fileRef = B875C3782A7F08E8004FEA92 /* User.swift */; };
		B875C37C2A7F09FC004FEA92 /* ProfileViewPresenter.swift in Sources */ = {isa = PBXBuildFile; fileRef = B875C37B2A7F09FC004FEA92 /* ProfileViewPresenter.swift */; };
		B875C37E2A7F0A82004FEA92 /* User+Network.swift in Sources */ = {isa = PBXBuildFile; fileRef = B875C37D2A7F0A82004FEA92 /* User+Network.swift */; };
		B875C3802A80EF05004FEA92 /* Complaint+Network.swift in Sources */ = {isa = PBXBuildFile; fileRef = B875C37F2A80EF05004FEA92 /* Complaint+Network.swift */; };
		B875C3822A80F0B1004FEA92 /* ComplaintModel.swift in Sources */ = {isa = PBXBuildFile; fileRef = B875C3812A80F0B1004FEA92 /* ComplaintModel.swift */; };
		B875C3862A80F23D004FEA92 /* ApplicationsViewPresenter.swift in Sources */ = {isa = PBXBuildFile; fileRef = B875C3852A80F23D004FEA92 /* ApplicationsViewPresenter.swift */; };
		B875C38F2A817C1C004FEA92 /* CodeView.swift in Sources */ = {isa = PBXBuildFile; fileRef = B875C38E2A817C1C004FEA92 /* CodeView.swift */; };
		B875D5552A891DE700A5929F /* GameDetailViewController.swift in Sources */ = {isa = PBXBuildFile; fileRef = B875D5542A891DE700A5929F /* GameDetailViewController.swift */; };
		B89621FF2A8E403B0006EDD1 /* PollModel.swift in Sources */ = {isa = PBXBuildFile; fileRef = B89621FE2A8E403B0006EDD1 /* PollModel.swift */; };
		B89622012A8E4C1F0006EDD1 /* Poll+Network.swift in Sources */ = {isa = PBXBuildFile; fileRef = B89622002A8E4C1F0006EDD1 /* Poll+Network.swift */; };
		B8B062372A616FA70020339B /* AppDelegate.swift in Sources */ = {isa = PBXBuildFile; fileRef = B8B062362A616FA70020339B /* AppDelegate.swift */; };
		B8B062392A616FA70020339B /* SceneDelegate.swift in Sources */ = {isa = PBXBuildFile; fileRef = B8B062382A616FA70020339B /* SceneDelegate.swift */; };
		B8B0623B2A616FA70020339B /* SuggestionsViewController.swift in Sources */ = {isa = PBXBuildFile; fileRef = B8B0623A2A616FA70020339B /* SuggestionsViewController.swift */; };
		B8B062402A616FA90020339B /* Assets.xcassets in Resources */ = {isa = PBXBuildFile; fileRef = B8B0623F2A616FA90020339B /* Assets.xcassets */; };
		B8B062432A616FA90020339B /* LaunchScreen.storyboard in Resources */ = {isa = PBXBuildFile; fileRef = B8B062412A616FA90020339B /* LaunchScreen.storyboard */; };
		B8B0624E2A616FA90020339B /* SafeMeTests.swift in Sources */ = {isa = PBXBuildFile; fileRef = B8B0624D2A616FA90020339B /* SafeMeTests.swift */; };
		B8B062582A616FA90020339B /* SafeMeUITests.swift in Sources */ = {isa = PBXBuildFile; fileRef = B8B062572A616FA90020339B /* SafeMeUITests.swift */; };
		B8B0625A2A616FA90020339B /* SafeMeUITestsLaunchTests.swift in Sources */ = {isa = PBXBuildFile; fileRef = B8B062592A616FA90020339B /* SafeMeUITestsLaunchTests.swift */; };
		B8B0626C2A618A5B0020339B /* GradientView.swift in Sources */ = {isa = PBXBuildFile; fileRef = B8B0626B2A618A5B0020339B /* GradientView.swift */; };
		B8B0626E2A618D620020339B /* GradientViewController.swift in Sources */ = {isa = PBXBuildFile; fileRef = B8B0626D2A618D620020339B /* GradientViewController.swift */; };
		C0BB90FC7C5D06EB9FDC57DC /* Pods_SafeMeTests.framework in Frameworks */ = {isa = PBXBuildFile; fileRef = 0A6D5790960C34F4E9CFA469 /* Pods_SafeMeTests.framework */; };
/* End PBXBuildFile section */

/* Begin PBXContainerItemProxy section */
		B8B0624A2A616FA90020339B /* PBXContainerItemProxy */ = {
			isa = PBXContainerItemProxy;
			containerPortal = B8B0622B2A616FA70020339B /* Project object */;
			proxyType = 1;
			remoteGlobalIDString = B8B062322A616FA70020339B;
			remoteInfo = SafeMe;
		};
		B8B062542A616FA90020339B /* PBXContainerItemProxy */ = {
			isa = PBXContainerItemProxy;
			containerPortal = B8B0622B2A616FA70020339B /* Project object */;
			proxyType = 1;
			remoteGlobalIDString = B8B062322A616FA70020339B;
			remoteInfo = SafeMe;
		};
/* End PBXContainerItemProxy section */

/* Begin PBXFileReference section */
		0A6D5790960C34F4E9CFA469 /* Pods_SafeMeTests.framework */ = {isa = PBXFileReference; explicitFileType = wrapper.framework; includeInIndex = 0; path = Pods_SafeMeTests.framework; sourceTree = BUILT_PRODUCTS_DIR; };
		269951007BF025C8AE93720C /* Pods-SafeMeTests.release.xcconfig */ = {isa = PBXFileReference; includeInIndex = 1; lastKnownFileType = text.xcconfig; name = "Pods-SafeMeTests.release.xcconfig"; path = "Target Support Files/Pods-SafeMeTests/Pods-SafeMeTests.release.xcconfig"; sourceTree = "<group>"; };
		3401D41A2A67E4FA00978130 /* AboutCell.swift */ = {isa = PBXFileReference; lastKnownFileType = sourcecode.swift; path = AboutCell.swift; sourceTree = "<group>"; };
		349C9B222A73C59D00BC953A /* ProfileViewController.swift */ = {isa = PBXFileReference; lastKnownFileType = sourcecode.swift; path = ProfileViewController.swift; sourceTree = "<group>"; };
		39CB27B42F29719920A5959D /* Pods-SafeMe-SafeMeUITests.release.xcconfig */ = {isa = PBXFileReference; includeInIndex = 1; lastKnownFileType = text.xcconfig; name = "Pods-SafeMe-SafeMeUITests.release.xcconfig"; path = "Target Support Files/Pods-SafeMe-SafeMeUITests/Pods-SafeMe-SafeMeUITests.release.xcconfig"; sourceTree = "<group>"; };
		5E9DCCC2A253898EA7501532 /* Pods_SafeMe.framework */ = {isa = PBXFileReference; explicitFileType = wrapper.framework; includeInIndex = 0; path = Pods_SafeMe.framework; sourceTree = BUILT_PRODUCTS_DIR; };
		6C4F5EF86CDBEF3A1FF6E366 /* Pods-SafeMe.debug.xcconfig */ = {isa = PBXFileReference; includeInIndex = 1; lastKnownFileType = text.xcconfig; name = "Pods-SafeMe.debug.xcconfig"; path = "Target Support Files/Pods-SafeMe/Pods-SafeMe.debug.xcconfig"; sourceTree = "<group>"; };
		6D9031754A17D31FDF500F6A /* Pods-SafeMeTests.debug.xcconfig */ = {isa = PBXFileReference; includeInIndex = 1; lastKnownFileType = text.xcconfig; name = "Pods-SafeMeTests.debug.xcconfig"; path = "Target Support Files/Pods-SafeMeTests/Pods-SafeMeTests.debug.xcconfig"; sourceTree = "<group>"; };
		B842F2F72A8F5C90001F79BC /* PollViewPresenter.swift */ = {isa = PBXFileReference; lastKnownFileType = sourcecode.swift; path = PollViewPresenter.swift; sourceTree = "<group>"; };
		B842F2F92A8F5E65001F79BC /* PollingCell.swift */ = {isa = PBXFileReference; lastKnownFileType = sourcecode.swift; path = PollingCell.swift; sourceTree = "<group>"; };
		B842F2FB2A8F6EE3001F79BC /* PollDetailViewController.swift */ = {isa = PBXFileReference; lastKnownFileType = sourcecode.swift; path = PollDetailViewController.swift; sourceTree = "<group>"; };
		B842F2FD2A8F745E001F79BC /* PollAnswerCell.swift */ = {isa = PBXFileReference; lastKnownFileType = sourcecode.swift; path = PollAnswerCell.swift; sourceTree = "<group>"; };
		B842F2FF2A8F7A40001F79BC /* PollDetailViewPresenter.swift */ = {isa = PBXFileReference; lastKnownFileType = sourcecode.swift; path = PollDetailViewPresenter.swift; sourceTree = "<group>"; };
		B842F3012A90B328001F79BC /* TimerView.swift */ = {isa = PBXFileReference; lastKnownFileType = sourcecode.swift; path = TimerView.swift; sourceTree = "<group>"; };
		B842F3042A90C092001F79BC /* LanguageViewController.swift */ = {isa = PBXFileReference; lastKnownFileType = sourcecode.swift; path = LanguageViewController.swift; sourceTree = "<group>"; };
		B842F3082A90C36C001F79BC /* LanguageViewCell.swift */ = {isa = PBXFileReference; lastKnownFileType = sourcecode.swift; path = LanguageViewCell.swift; sourceTree = "<group>"; };
		B842F30A2A90D953001F79BC /* uz-Cyrl */ = {isa = PBXFileReference; lastKnownFileType = text.plist.strings; name = "uz-Cyrl"; path = "uz-Cyrl.lproj/LaunchScreen.strings"; sourceTree = "<group>"; };
		B842F30B2A90D953001F79BC /* uz-Cyrl */ = {isa = PBXFileReference; lastKnownFileType = text.plist.strings; name = "uz-Cyrl"; path = "uz-Cyrl.lproj/Localizable.strings"; sourceTree = "<group>"; };
		B86ACA162A62D65300D04485 /* LoginViewController.swift */ = {isa = PBXFileReference; lastKnownFileType = sourcecode.swift; path = LoginViewController.swift; sourceTree = "<group>"; };
		B86ACA182A62DF8700D04485 /* UICustomTextField.swift */ = {isa = PBXFileReference; lastKnownFileType = sourcecode.swift; path = UICustomTextField.swift; sourceTree = "<group>"; };
		B86ACA1A2A62DFAF00D04485 /* UIView+Extension.swift */ = {isa = PBXFileReference; lastKnownFileType = sourcecode.swift; path = "UIView+Extension.swift"; sourceTree = "<group>"; };
		B86ACA1C2A62DFCF00D04485 /* UILabel+Extension.swift */ = {isa = PBXFileReference; lastKnownFileType = sourcecode.swift; path = "UILabel+Extension.swift"; sourceTree = "<group>"; };
		B86ACA1E2A62E00400D04485 /* UIColor+Extension.swift */ = {isa = PBXFileReference; lastKnownFileType = sourcecode.swift; path = "UIColor+Extension.swift"; sourceTree = "<group>"; };
		B86ACA212A62EA5D00D04485 /* Montserrat-ExtraLight.ttf */ = {isa = PBXFileReference; lastKnownFileType = file; path = "Montserrat-ExtraLight.ttf"; sourceTree = "<group>"; };
		B86ACA222A62EA5D00D04485 /* Montserrat-Bold.ttf */ = {isa = PBXFileReference; lastKnownFileType = file; path = "Montserrat-Bold.ttf"; sourceTree = "<group>"; };
		B86ACA232A62EA5D00D04485 /* Montserrat-Regular.ttf */ = {isa = PBXFileReference; lastKnownFileType = file; path = "Montserrat-Regular.ttf"; sourceTree = "<group>"; };
		B86ACA242A62EA5D00D04485 /* Montserrat-Medium.ttf */ = {isa = PBXFileReference; lastKnownFileType = file; path = "Montserrat-Medium.ttf"; sourceTree = "<group>"; };
		B86ACA252A62EA5D00D04485 /* Montserrat-SemiBold.ttf */ = {isa = PBXFileReference; lastKnownFileType = file; path = "Montserrat-SemiBold.ttf"; sourceTree = "<group>"; };
		B86ACA262A62EA5D00D04485 /* Montserrat-Thin.ttf */ = {isa = PBXFileReference; lastKnownFileType = file; path = "Montserrat-Thin.ttf"; sourceTree = "<group>"; };
		B86ACA272A62EA5D00D04485 /* Montserrat-Light.ttf */ = {isa = PBXFileReference; lastKnownFileType = file; path = "Montserrat-Light.ttf"; sourceTree = "<group>"; };
		B86ACA3D2A62EB6600D04485 /* UIFont+Extension.swift */ = {isa = PBXFileReference; lastKnownFileType = sourcecode.swift; path = "UIFont+Extension.swift"; sourceTree = "<group>"; };
		B86ACA412A62EB9E00D04485 /* Textfield+Extension.swift */ = {isa = PBXFileReference; lastKnownFileType = sourcecode.swift; path = "Textfield+Extension.swift"; sourceTree = "<group>"; };
		B86ACA452A62EBD100D04485 /* StackView+Extension.swift */ = {isa = PBXFileReference; lastKnownFileType = sourcecode.swift; path = "StackView+Extension.swift"; sourceTree = "<group>"; };
		B86ACA492A62EC5A00D04485 /* SetupViews.swift */ = {isa = PBXFileReference; lastKnownFileType = sourcecode.swift; path = SetupViews.swift; sourceTree = "<group>"; };
		B86ACA4D2A62F2BE00D04485 /* Button + Extension.swift */ = {isa = PBXFileReference; lastKnownFileType = sourcecode.swift; path = "Button + Extension.swift"; sourceTree = "<group>"; };
		B86ACA752A65932000D04485 /* SideMenuViewController.swift */ = {isa = PBXFileReference; lastKnownFileType = sourcecode.swift; path = SideMenuViewController.swift; sourceTree = "<group>"; };
		B86ACA772A6667B900D04485 /* BaseViewController.swift */ = {isa = PBXFileReference; lastKnownFileType = sourcecode.swift; path = BaseViewController.swift; sourceTree = "<group>"; };
		B86ACA7A2A66E88D00D04485 /* MenuCell.swift */ = {isa = PBXFileReference; lastKnownFileType = sourcecode.swift; path = MenuCell.swift; sourceTree = "<group>"; };
		B86ACA7C2A66E8BB00D04485 /* MenuModel.swift */ = {isa = PBXFileReference; lastKnownFileType = sourcecode.swift; path = MenuModel.swift; sourceTree = "<group>"; };
		B86ACA7E2A66ED9A00D04485 /* MenuControllerPresenter.swift */ = {isa = PBXFileReference; lastKnownFileType = sourcecode.swift; path = MenuControllerPresenter.swift; sourceTree = "<group>"; };
		B86ACA812A66F9B800D04485 /* AboutViewController.swift */ = {isa = PBXFileReference; lastKnownFileType = sourcecode.swift; path = AboutViewController.swift; sourceTree = "<group>"; };
		B86ACA8A2A67C7BB00D04485 /* NewsViewController.swift */ = {isa = PBXFileReference; lastKnownFileType = sourcecode.swift; path = NewsViewController.swift; sourceTree = "<group>"; };
		B86ACA8C2A67C81100D04485 /* ChatViewController.swift */ = {isa = PBXFileReference; lastKnownFileType = sourcecode.swift; path = ChatViewController.swift; sourceTree = "<group>"; };
		B86ACA8E2A67C84400D04485 /* ConsultantViewController.swift */ = {isa = PBXFileReference; lastKnownFileType = sourcecode.swift; path = ConsultantViewController.swift; sourceTree = "<group>"; };
		B86ACA902A67C92F00D04485 /* PollViewController.swift */ = {isa = PBXFileReference; lastKnownFileType = sourcecode.swift; path = PollViewController.swift; sourceTree = "<group>"; };
		B86ACA922A67C97100D04485 /* InspectorsViewController.swift */ = {isa = PBXFileReference; lastKnownFileType = sourcecode.swift; path = InspectorsViewController.swift; sourceTree = "<group>"; };
		B86ACA942A67C99300D04485 /* ApplicationsViewController.swift */ = {isa = PBXFileReference; lastKnownFileType = sourcecode.swift; path = ApplicationsViewController.swift; sourceTree = "<group>"; };
		B86ACA972A6ABF6C00D04485 /* KeyChainFile.swift */ = {isa = PBXFileReference; lastKnownFileType = sourcecode.swift; path = KeyChainFile.swift; sourceTree = "<group>"; };
		B86ACA9A2A6AC0EF00D04485 /* ResultNetwork.swift */ = {isa = PBXFileReference; lastKnownFileType = sourcecode.swift; path = ResultNetwork.swift; sourceTree = "<group>"; };
		B86ACAA12A6AC3B300D04485 /* en */ = {isa = PBXFileReference; lastKnownFileType = text.plist.strings; name = en; path = en.lproj/Localizable.strings; sourceTree = "<group>"; };
		B86ACAA32A6AC3CF00D04485 /* uz */ = {isa = PBXFileReference; lastKnownFileType = text.plist.strings; name = uz; path = uz.lproj/LaunchScreen.strings; sourceTree = "<group>"; };
		B86ACAA42A6AC3CF00D04485 /* uz */ = {isa = PBXFileReference; lastKnownFileType = text.plist.strings; name = uz; path = uz.lproj/Localizable.strings; sourceTree = "<group>"; };
		B86ACAA52A6AC3E600D04485 /* ru */ = {isa = PBXFileReference; lastKnownFileType = text.plist.strings; name = ru; path = ru.lproj/LaunchScreen.strings; sourceTree = "<group>"; };
		B86ACAA62A6AC3E600D04485 /* ru */ = {isa = PBXFileReference; lastKnownFileType = text.plist.strings; name = ru; path = ru.lproj/Localizable.strings; sourceTree = "<group>"; };
		B86ACAA72A6AC47800D04485 /* Bundle+Extension.swift */ = {isa = PBXFileReference; lastKnownFileType = sourcecode.swift; path = "Bundle+Extension.swift"; sourceTree = "<group>"; };
		B86ACAA92A6AC4AE00D04485 /* String+Localize.swift */ = {isa = PBXFileReference; lastKnownFileType = sourcecode.swift; path = "String+Localize.swift"; sourceTree = "<group>"; };
		B86ACAAB2A6AC5A100D04485 /* StatusCode.swift */ = {isa = PBXFileReference; lastKnownFileType = sourcecode.swift; path = StatusCode.swift; sourceTree = "<group>"; };
		B86ACAAD2A6AC5F900D04485 /* API.swift */ = {isa = PBXFileReference; lastKnownFileType = sourcecode.swift; path = API.swift; sourceTree = "<group>"; };
		B86ACAAF2A6ACF1500D04485 /* ResponseModel.swift */ = {isa = PBXFileReference; lastKnownFileType = sourcecode.swift; path = ResponseModel.swift; sourceTree = "<group>"; };
		B86ACAB22A6AD3B100D04485 /* Network.swift */ = {isa = PBXFileReference; lastKnownFileType = sourcecode.swift; path = Network.swift; sourceTree = "<group>"; };
		B86ACAB42A6AD4BC00D04485 /* DeviceHeader.swift */ = {isa = PBXFileReference; lastKnownFileType = sourcecode.swift; path = DeviceHeader.swift; sourceTree = "<group>"; };
		B86ACAB62A6AD5DB00D04485 /* Auth+Network.swift */ = {isa = PBXFileReference; lastKnownFileType = sourcecode.swift; path = "Auth+Network.swift"; sourceTree = "<group>"; };
		B86ACAB82A6AD74700D04485 /* Date+Extension.swift */ = {isa = PBXFileReference; lastKnownFileType = sourcecode.swift; path = "Date+Extension.swift"; sourceTree = "<group>"; };
		B86ACABA2A6C0F9C00D04485 /* AuthDataModel.swift */ = {isa = PBXFileReference; lastKnownFileType = sourcecode.swift; path = AuthDataModel.swift; sourceTree = "<group>"; };
		B86ACABE2A6C1A5900D04485 /* LoginPresenter.swift */ = {isa = PBXFileReference; lastKnownFileType = sourcecode.swift; path = LoginPresenter.swift; sourceTree = "<group>"; };
		B86ACAC02A6C203000D04485 /* AuthCell.swift */ = {isa = PBXFileReference; lastKnownFileType = sourcecode.swift; path = AuthCell.swift; sourceTree = "<group>"; };
		B86ACAC22A6C651D00D04485 /* IndicatorView.swift */ = {isa = PBXFileReference; lastKnownFileType = sourcecode.swift; path = IndicatorView.swift; sourceTree = "<group>"; };
		B86ACAC42A6C727400D04485 /* ApplicationCodeViewController.swift */ = {isa = PBXFileReference; lastKnownFileType = sourcecode.swift; path = ApplicationCodeViewController.swift; sourceTree = "<group>"; };
		B86ACAC62A6EFD0A00D04485 /* AppEnterCodePresenter.swift */ = {isa = PBXFileReference; lastKnownFileType = sourcecode.swift; path = AppEnterCodePresenter.swift; sourceTree = "<group>"; };
		B86ACAC92A6F1E9F00D04485 /* AgeFilterCell.swift */ = {isa = PBXFileReference; lastKnownFileType = sourcecode.swift; path = AgeFilterCell.swift; sourceTree = "<group>"; };
		B86ACACB2A6F861100D04485 /* CategoriesView.swift */ = {isa = PBXFileReference; lastKnownFileType = sourcecode.swift; path = CategoriesView.swift; sourceTree = "<group>"; };
		B86ACACD2A6F874300D04485 /* CategoryCell.swift */ = {isa = PBXFileReference; lastKnownFileType = sourcecode.swift; path = CategoryCell.swift; sourceTree = "<group>"; };
		B86ACACF2A6F903100D04485 /* CategoryModel.swift */ = {isa = PBXFileReference; lastKnownFileType = sourcecode.swift; path = CategoryModel.swift; sourceTree = "<group>"; };
		B86ACAD12A6FA69400D04485 /* NewsDataModel.swift */ = {isa = PBXFileReference; lastKnownFileType = sourcecode.swift; path = NewsDataModel.swift; sourceTree = "<group>"; };
		B86ACAD32A6FA7A400D04485 /* NewsCell.swift */ = {isa = PBXFileReference; lastKnownFileType = sourcecode.swift; path = NewsCell.swift; sourceTree = "<group>"; };
		B86ACAD52A6FAF8F00D04485 /* Inspector.swift */ = {isa = PBXFileReference; lastKnownFileType = sourcecode.swift; path = Inspector.swift; sourceTree = "<group>"; };
		B86ACAD72A6FAFC200D04485 /* InspectorCell.swift */ = {isa = PBXFileReference; lastKnownFileType = sourcecode.swift; path = InspectorCell.swift; sourceTree = "<group>"; };
		B86ACAFE2A725A2F00D04485 /* SosViewController.swift */ = {isa = PBXFileReference; lastKnownFileType = sourcecode.swift; path = SosViewController.swift; sourceTree = "<group>"; };
		B86ACB242A73C6DA00D04485 /* Inspectors+Network.swift */ = {isa = PBXFileReference; lastKnownFileType = sourcecode.swift; path = "Inspectors+Network.swift"; sourceTree = "<group>"; };
		B86ACB282A73D03400D04485 /* InspectorsPresenter.swift */ = {isa = PBXFileReference; lastKnownFileType = sourcecode.swift; path = InspectorsPresenter.swift; sourceTree = "<group>"; };
		B86ACB2E2A73E30800D04485 /* NewsPresenter.swift */ = {isa = PBXFileReference; lastKnownFileType = sourcecode.swift; path = NewsPresenter.swift; sourceTree = "<group>"; };
		B86ACB302A73EFC500D04485 /* News+Network.swift */ = {isa = PBXFileReference; lastKnownFileType = sourcecode.swift; path = "News+Network.swift"; sourceTree = "<group>"; };
		B86ACB322A741DEB00D04485 /* String+Extension.swift */ = {isa = PBXFileReference; lastKnownFileType = sourcecode.swift; path = "String+Extension.swift"; sourceTree = "<group>"; };
		B86ACB352A74312B00D04485 /* Roboto-Medium.ttf */ = {isa = PBXFileReference; lastKnownFileType = file; path = "Roboto-Medium.ttf"; sourceTree = "<group>"; };
		B86ACB362A74312B00D04485 /* Roboto-Light.ttf */ = {isa = PBXFileReference; lastKnownFileType = file; path = "Roboto-Light.ttf"; sourceTree = "<group>"; };
		B86ACB372A74312B00D04485 /* Roboto-Regular.ttf */ = {isa = PBXFileReference; lastKnownFileType = file; path = "Roboto-Regular.ttf"; sourceTree = "<group>"; };
		B86ACB3C2A74312B00D04485 /* Roboto-Italic.ttf */ = {isa = PBXFileReference; lastKnownFileType = file; path = "Roboto-Italic.ttf"; sourceTree = "<group>"; };
		B86ACB3D2A74312B00D04485 /* LICENSE.txt */ = {isa = PBXFileReference; fileEncoding = 4; lastKnownFileType = text; path = LICENSE.txt; sourceTree = "<group>"; };
		B86ACB3F2A74312B00D04485 /* Roboto-Bold.ttf */ = {isa = PBXFileReference; lastKnownFileType = file; path = "Roboto-Bold.ttf"; sourceTree = "<group>"; };
		B86ACB402A74312B00D04485 /* Roboto-Thin.ttf */ = {isa = PBXFileReference; lastKnownFileType = file; path = "Roboto-Thin.ttf"; sourceTree = "<group>"; };
		B86ACB412A74312B00D04485 /* Roboto-Black.ttf */ = {isa = PBXFileReference; lastKnownFileType = file; path = "Roboto-Black.ttf"; sourceTree = "<group>"; };
		B86ACB4F2A74398D00D04485 /* NewsDetailViewController.swift */ = {isa = PBXFileReference; lastKnownFileType = sourcecode.swift; path = NewsDetailViewController.swift; sourceTree = "<group>"; };
		B86ACB522A744E5700D04485 /* SuggestionsPresenter.swift */ = {isa = PBXFileReference; lastKnownFileType = sourcecode.swift; path = SuggestionsPresenter.swift; sourceTree = "<group>"; };
		B86ACB542A744EC400D04485 /* AgeCategory.swift */ = {isa = PBXFileReference; lastKnownFileType = sourcecode.swift; path = AgeCategory.swift; sourceTree = "<group>"; };
		B86ACB582A74515F00D04485 /* AgeCategory+Network.swift */ = {isa = PBXFileReference; lastKnownFileType = sourcecode.swift; path = "AgeCategory+Network.swift"; sourceTree = "<group>"; };
		B86ACB5A2A74542C00D04485 /* Categories+Network.swift */ = {isa = PBXFileReference; lastKnownFileType = sourcecode.swift; path = "Categories+Network.swift"; sourceTree = "<group>"; };
		B86ACB5C2A7463E100D04485 /* Recommendations+Network.swift */ = {isa = PBXFileReference; lastKnownFileType = sourcecode.swift; path = "Recommendations+Network.swift"; sourceTree = "<group>"; };
		B86ACB5E2A74651100D04485 /* RecommendationModel.swift */ = {isa = PBXFileReference; lastKnownFileType = sourcecode.swift; path = RecommendationModel.swift; sourceTree = "<group>"; };
		B86ACB602A7467DF00D04485 /* AgeCategoriesView.swift */ = {isa = PBXFileReference; lastKnownFileType = sourcecode.swift; path = AgeCategoriesView.swift; sourceTree = "<group>"; };
		B86ACB622A74EDB500D04485 /* RecommendationsView.swift */ = {isa = PBXFileReference; lastKnownFileType = sourcecode.swift; path = RecommendationsView.swift; sourceTree = "<group>"; };
		B86ACB642A74F07D00D04485 /* RecommendationCell.swift */ = {isa = PBXFileReference; lastKnownFileType = sourcecode.swift; path = RecommendationCell.swift; sourceTree = "<group>"; };
		B86ACB662A74F6CA00D04485 /* RecommendationDetailViewController.swift */ = {isa = PBXFileReference; lastKnownFileType = sourcecode.swift; path = RecommendationDetailViewController.swift; sourceTree = "<group>"; };
		B86ACB692A750BC200D04485 /* ChatPresenter.swift */ = {isa = PBXFileReference; lastKnownFileType = sourcecode.swift; path = ChatPresenter.swift; sourceTree = "<group>"; };
		B86ACB6C2A75179E00D04485 /* GamesTableView.swift */ = {isa = PBXFileReference; lastKnownFileType = sourcecode.swift; path = GamesTableView.swift; sourceTree = "<group>"; };
		B86ACB6E2A751BD700D04485 /* GameModel.swift */ = {isa = PBXFileReference; lastKnownFileType = sourcecode.swift; path = GameModel.swift; sourceTree = "<group>"; };
		B86ACB702A751DCC00D04485 /* GameViewCell.swift */ = {isa = PBXFileReference; lastKnownFileType = sourcecode.swift; path = GameViewCell.swift; sourceTree = "<group>"; };
		B86ACB722A75227100D04485 /* Games+Network.swift */ = {isa = PBXFileReference; lastKnownFileType = sourcecode.swift; path = "Games+Network.swift"; sourceTree = "<group>"; };
		B870ED722A82E84000C1D0E3 /* ProfileRegister+Network.swift */ = {isa = PBXFileReference; lastKnownFileType = sourcecode.swift; path = "ProfileRegister+Network.swift"; sourceTree = "<group>"; };
		B870ED742A83706300C1D0E3 /* DistrictModel.swift */ = {isa = PBXFileReference; lastKnownFileType = sourcecode.swift; path = DistrictModel.swift; sourceTree = "<group>"; };
		B870ED792A83734E00C1D0E3 /* UpdateProfileViewController.swift */ = {isa = PBXFileReference; lastKnownFileType = sourcecode.swift; path = UpdateProfileViewController.swift; sourceTree = "<group>"; };
		B870ED7B2A83735800C1D0E3 /* UpdateProfilePresenter.swift */ = {isa = PBXFileReference; lastKnownFileType = sourcecode.swift; path = UpdateProfilePresenter.swift; sourceTree = "<group>"; };
		B875C3782A7F08E8004FEA92 /* User.swift */ = {isa = PBXFileReference; lastKnownFileType = sourcecode.swift; path = User.swift; sourceTree = "<group>"; };
		B875C37B2A7F09FC004FEA92 /* ProfileViewPresenter.swift */ = {isa = PBXFileReference; lastKnownFileType = sourcecode.swift; path = ProfileViewPresenter.swift; sourceTree = "<group>"; };
		B875C37D2A7F0A82004FEA92 /* User+Network.swift */ = {isa = PBXFileReference; lastKnownFileType = sourcecode.swift; path = "User+Network.swift"; sourceTree = "<group>"; };
		B875C37F2A80EF05004FEA92 /* Complaint+Network.swift */ = {isa = PBXFileReference; lastKnownFileType = sourcecode.swift; path = "Complaint+Network.swift"; sourceTree = "<group>"; };
		B875C3812A80F0B1004FEA92 /* ComplaintModel.swift */ = {isa = PBXFileReference; lastKnownFileType = sourcecode.swift; path = ComplaintModel.swift; sourceTree = "<group>"; };
		B875C3852A80F23D004FEA92 /* ApplicationsViewPresenter.swift */ = {isa = PBXFileReference; lastKnownFileType = sourcecode.swift; path = ApplicationsViewPresenter.swift; sourceTree = "<group>"; };
		B875C38E2A817C1C004FEA92 /* CodeView.swift */ = {isa = PBXFileReference; lastKnownFileType = sourcecode.swift; path = CodeView.swift; sourceTree = "<group>"; };
		B875D5542A891DE700A5929F /* GameDetailViewController.swift */ = {isa = PBXFileReference; lastKnownFileType = sourcecode.swift; path = GameDetailViewController.swift; sourceTree = "<group>"; };
		B89621FE2A8E403B0006EDD1 /* PollModel.swift */ = {isa = PBXFileReference; lastKnownFileType = sourcecode.swift; path = PollModel.swift; sourceTree = "<group>"; };
		B89622002A8E4C1F0006EDD1 /* Poll+Network.swift */ = {isa = PBXFileReference; lastKnownFileType = sourcecode.swift; path = "Poll+Network.swift"; sourceTree = "<group>"; };
		B8B062332A616FA70020339B /* SafeMe.app */ = {isa = PBXFileReference; explicitFileType = wrapper.application; includeInIndex = 0; path = SafeMe.app; sourceTree = BUILT_PRODUCTS_DIR; };
		B8B062362A616FA70020339B /* AppDelegate.swift */ = {isa = PBXFileReference; lastKnownFileType = sourcecode.swift; path = AppDelegate.swift; sourceTree = "<group>"; };
		B8B062382A616FA70020339B /* SceneDelegate.swift */ = {isa = PBXFileReference; lastKnownFileType = sourcecode.swift; path = SceneDelegate.swift; sourceTree = "<group>"; };
		B8B0623A2A616FA70020339B /* SuggestionsViewController.swift */ = {isa = PBXFileReference; lastKnownFileType = sourcecode.swift; path = SuggestionsViewController.swift; sourceTree = "<group>"; };
		B8B0623F2A616FA90020339B /* Assets.xcassets */ = {isa = PBXFileReference; lastKnownFileType = folder.assetcatalog; path = Assets.xcassets; sourceTree = "<group>"; };
		B8B062422A616FA90020339B /* Base */ = {isa = PBXFileReference; lastKnownFileType = file.storyboard; name = Base; path = Base.lproj/LaunchScreen.storyboard; sourceTree = "<group>"; };
		B8B062442A616FA90020339B /* Info.plist */ = {isa = PBXFileReference; lastKnownFileType = text.plist.xml; path = Info.plist; sourceTree = "<group>"; };
		B8B062492A616FA90020339B /* SafeMeTests.xctest */ = {isa = PBXFileReference; explicitFileType = wrapper.cfbundle; includeInIndex = 0; path = SafeMeTests.xctest; sourceTree = BUILT_PRODUCTS_DIR; };
		B8B0624D2A616FA90020339B /* SafeMeTests.swift */ = {isa = PBXFileReference; lastKnownFileType = sourcecode.swift; path = SafeMeTests.swift; sourceTree = "<group>"; };
		B8B062532A616FA90020339B /* SafeMeUITests.xctest */ = {isa = PBXFileReference; explicitFileType = wrapper.cfbundle; includeInIndex = 0; path = SafeMeUITests.xctest; sourceTree = BUILT_PRODUCTS_DIR; };
		B8B062572A616FA90020339B /* SafeMeUITests.swift */ = {isa = PBXFileReference; lastKnownFileType = sourcecode.swift; path = SafeMeUITests.swift; sourceTree = "<group>"; };
		B8B062592A616FA90020339B /* SafeMeUITestsLaunchTests.swift */ = {isa = PBXFileReference; lastKnownFileType = sourcecode.swift; path = SafeMeUITestsLaunchTests.swift; sourceTree = "<group>"; };
		B8B0626B2A618A5B0020339B /* GradientView.swift */ = {isa = PBXFileReference; lastKnownFileType = sourcecode.swift; path = GradientView.swift; sourceTree = "<group>"; };
		B8B0626D2A618D620020339B /* GradientViewController.swift */ = {isa = PBXFileReference; lastKnownFileType = sourcecode.swift; path = GradientViewController.swift; sourceTree = "<group>"; };
		C960D7D00121BBBC76EF2AB9 /* Pods-SafeMe-SafeMeUITests.debug.xcconfig */ = {isa = PBXFileReference; includeInIndex = 1; lastKnownFileType = text.xcconfig; name = "Pods-SafeMe-SafeMeUITests.debug.xcconfig"; path = "Target Support Files/Pods-SafeMe-SafeMeUITests/Pods-SafeMe-SafeMeUITests.debug.xcconfig"; sourceTree = "<group>"; };
		D1023CEE72500D1D1858DC2F /* Pods_SafeMe_SafeMeUITests.framework */ = {isa = PBXFileReference; explicitFileType = wrapper.framework; includeInIndex = 0; path = Pods_SafeMe_SafeMeUITests.framework; sourceTree = BUILT_PRODUCTS_DIR; };
		E0E7708B0F75FEBBF63FD539 /* Pods-SafeMe.release.xcconfig */ = {isa = PBXFileReference; includeInIndex = 1; lastKnownFileType = text.xcconfig; name = "Pods-SafeMe.release.xcconfig"; path = "Target Support Files/Pods-SafeMe/Pods-SafeMe.release.xcconfig"; sourceTree = "<group>"; };
/* End PBXFileReference section */

/* Begin PBXFrameworksBuildPhase section */
		B8B062302A616FA70020339B /* Frameworks */ = {
			isa = PBXFrameworksBuildPhase;
			buildActionMask = 2147483647;
			files = (
				19F3001DA908FFE2BFC446E1 /* Pods_SafeMe.framework in Frameworks */,
			);
			runOnlyForDeploymentPostprocessing = 0;
		};
		B8B062462A616FA90020339B /* Frameworks */ = {
			isa = PBXFrameworksBuildPhase;
			buildActionMask = 2147483647;
			files = (
				C0BB90FC7C5D06EB9FDC57DC /* Pods_SafeMeTests.framework in Frameworks */,
			);
			runOnlyForDeploymentPostprocessing = 0;
		};
		B8B062502A616FA90020339B /* Frameworks */ = {
			isa = PBXFrameworksBuildPhase;
			buildActionMask = 2147483647;
			files = (
				0D6C230785D092A770458063 /* Pods_SafeMe_SafeMeUITests.framework in Frameworks */,
			);
			runOnlyForDeploymentPostprocessing = 0;
		};
/* End PBXFrameworksBuildPhase section */

/* Begin PBXGroup section */
		15E76A81CCA1243ACBEF6EC8 /* Frameworks */ = {
			isa = PBXGroup;
			children = (
				5E9DCCC2A253898EA7501532 /* Pods_SafeMe.framework */,
				D1023CEE72500D1D1858DC2F /* Pods_SafeMe_SafeMeUITests.framework */,
				0A6D5790960C34F4E9CFA469 /* Pods_SafeMeTests.framework */,
			);
			name = Frameworks;
			sourceTree = "<group>";
		};
		349C9B212A73C50900BC953A /* ProfileViewController */ = {
			isa = PBXGroup;
			children = (
				B875C37A2A7F09EF004FEA92 /* Presenter */,
				349C9B222A73C59D00BC953A /* ProfileViewController.swift */,
			);
			path = ProfileViewController;
			sourceTree = "<group>";
		};
		7D6AC226FF10BEE9654CFA38 /* Pods */ = {
			isa = PBXGroup;
			children = (
				6C4F5EF86CDBEF3A1FF6E366 /* Pods-SafeMe.debug.xcconfig */,
				E0E7708B0F75FEBBF63FD539 /* Pods-SafeMe.release.xcconfig */,
				C960D7D00121BBBC76EF2AB9 /* Pods-SafeMe-SafeMeUITests.debug.xcconfig */,
				39CB27B42F29719920A5959D /* Pods-SafeMe-SafeMeUITests.release.xcconfig */,
				6D9031754A17D31FDF500F6A /* Pods-SafeMeTests.debug.xcconfig */,
				269951007BF025C8AE93720C /* Pods-SafeMeTests.release.xcconfig */,
			);
			path = Pods;
			sourceTree = "<group>";
		};
		B842F3032A90C067001F79BC /* Language List */ = {
			isa = PBXGroup;
			children = (
				B842F3072A90C35C001F79BC /* Views */,
				B842F3062A90C351001F79BC /* Presenter */,
			);
			path = "Language List";
			sourceTree = "<group>";
		};
		B842F3062A90C351001F79BC /* Presenter */ = {
			isa = PBXGroup;
			children = (
			);
			path = Presenter;
			sourceTree = "<group>";
		};
		B842F3072A90C35C001F79BC /* Views */ = {
			isa = PBXGroup;
			children = (
				B842F3042A90C092001F79BC /* LanguageViewController.swift */,
				B842F3082A90C36C001F79BC /* LanguageViewCell.swift */,
			);
			path = Views;
			sourceTree = "<group>";
		};
		B86ACA152A62D64000D04485 /* Login Controller */ = {
			isa = PBXGroup;
			children = (
				B86ACABC2A6C1A2E00D04485 /* Presenter */,
				B86ACABD2A6C1A3700D04485 /* View */,
			);
			path = "Login Controller";
			sourceTree = "<group>";
		};
		B86ACA202A62EA3900D04485 /* Monserrat */ = {
			isa = PBXGroup;
			children = (
				B86ACA222A62EA5D00D04485 /* Montserrat-Bold.ttf */,
				B86ACA212A62EA5D00D04485 /* Montserrat-ExtraLight.ttf */,
				B86ACA272A62EA5D00D04485 /* Montserrat-Light.ttf */,
				B86ACA242A62EA5D00D04485 /* Montserrat-Medium.ttf */,
				B86ACA232A62EA5D00D04485 /* Montserrat-Regular.ttf */,
				B86ACA252A62EA5D00D04485 /* Montserrat-SemiBold.ttf */,
				B86ACA262A62EA5D00D04485 /* Montserrat-Thin.ttf */,
			);
			path = Monserrat;
			sourceTree = "<group>";
		};
		B86ACA792A66E86C00D04485 /* SideMenuController */ = {
			isa = PBXGroup;
			children = (
				B86ACA752A65932000D04485 /* SideMenuViewController.swift */,
				B86ACA7A2A66E88D00D04485 /* MenuCell.swift */,
				B86ACA7E2A66ED9A00D04485 /* MenuControllerPresenter.swift */,
			);
			path = SideMenuController;
			sourceTree = "<group>";
		};
		B86ACA802A66F9A300D04485 /* About Controller */ = {
			isa = PBXGroup;
			children = (
				B86ACA812A66F9B800D04485 /* AboutViewController.swift */,
				3401D41A2A67E4FA00978130 /* AboutCell.swift */,
			);
			path = "About Controller";
			sourceTree = "<group>";
		};
		B86ACA832A67C57C00D04485 /* Suggestions Controller */ = {
			isa = PBXGroup;
			children = (
				B86ACB512A744E4400D04485 /* Presenter */,
				B86ACAC82A6F1E8400D04485 /* Views */,
			);
			path = "Suggestions Controller";
			sourceTree = "<group>";
		};
		B86ACA842A67C68900D04485 /* News Controller */ = {
			isa = PBXGroup;
			children = (
				B86ACB2C2A73E2EB00D04485 /* Presenter */,
				B86ACB2D2A73E2F300D04485 /* Views */,
			);
			path = "News Controller";
			sourceTree = "<group>";
		};
		B86ACA852A67C69900D04485 /* Chat Controller */ = {
			isa = PBXGroup;
			children = (
				B86ACB6B2A75178C00D04485 /* Views */,
				B86ACB682A750BB000D04485 /* Presenter */,
			);
			path = "Chat Controller";
			sourceTree = "<group>";
		};
		B86ACA862A67C6A300D04485 /* Consultant Controller */ = {
			isa = PBXGroup;
			children = (
				B86ACA8E2A67C84400D04485 /* ConsultantViewController.swift */,
			);
			path = "Consultant Controller";
			sourceTree = "<group>";
		};
		B86ACA872A67C6AC00D04485 /* Poll Controller */ = {
			isa = PBXGroup;
			children = (
				B89621FC2A8E3E000006EDD1 /* Presenter */,
				B89621FD2A8E3E080006EDD1 /* Views */,
			);
			path = "Poll Controller";
			sourceTree = "<group>";
		};
		B86ACA882A67C6C000D04485 /* Inspectors Controller */ = {
			isa = PBXGroup;
			children = (
				B86ACB272A73D02300D04485 /* Presenter */,
				B86ACB262A73D01200D04485 /* Views */,
			);
			path = "Inspectors Controller";
			sourceTree = "<group>";
		};
		B86ACA892A67C6D800D04485 /* Applications Controller */ = {
			isa = PBXGroup;
			children = (
				B875C3842A80F229004FEA92 /* View */,
				B875C3832A80F222004FEA92 /* Presenter */,
			);
			path = "Applications Controller";
			sourceTree = "<group>";
		};
		B86ACA962A6ABF4800D04485 /* KeyChain */ = {
			isa = PBXGroup;
			children = (
				B86ACA972A6ABF6C00D04485 /* KeyChainFile.swift */,
			);
			path = KeyChain;
			sourceTree = "<group>";
		};
		B86ACA992A6AC0DF00D04485 /* Network */ = {
			isa = PBXGroup;
			children = (
				B86ACAB12A6ACF2E00D04485 /* Settings */,
				B86ACAB62A6AD5DB00D04485 /* Auth+Network.swift */,
				B86ACB242A73C6DA00D04485 /* Inspectors+Network.swift */,
				B86ACB302A73EFC500D04485 /* News+Network.swift */,
				B86ACB582A74515F00D04485 /* AgeCategory+Network.swift */,
				B86ACB5A2A74542C00D04485 /* Categories+Network.swift */,
				B86ACB5C2A7463E100D04485 /* Recommendations+Network.swift */,
				B86ACB722A75227100D04485 /* Games+Network.swift */,
				B875C37D2A7F0A82004FEA92 /* User+Network.swift */,
				B875C37F2A80EF05004FEA92 /* Complaint+Network.swift */,
				B870ED722A82E84000C1D0E3 /* ProfileRegister+Network.swift */,
				B89622002A8E4C1F0006EDD1 /* Poll+Network.swift */,
			);
			path = Network;
			sourceTree = "<group>";
		};
		B86ACA9C2A6AC24A00D04485 /* Localization */ = {
			isa = PBXGroup;
			children = (
				B86ACAA92A6AC4AE00D04485 /* String+Localize.swift */,
				B86ACAA22A6AC3B300D04485 /* Localizable.strings */,
			);
			path = Localization;
			sourceTree = "<group>";
		};
		B86ACAB12A6ACF2E00D04485 /* Settings */ = {
			isa = PBXGroup;
			children = (
				B86ACAAF2A6ACF1500D04485 /* ResponseModel.swift */,
				B86ACAAD2A6AC5F900D04485 /* API.swift */,
				B86ACA9A2A6AC0EF00D04485 /* ResultNetwork.swift */,
				B86ACAAB2A6AC5A100D04485 /* StatusCode.swift */,
				B86ACAB22A6AD3B100D04485 /* Network.swift */,
				B86ACAB42A6AD4BC00D04485 /* DeviceHeader.swift */,
			);
			path = Settings;
			sourceTree = "<group>";
		};
		B86ACABC2A6C1A2E00D04485 /* Presenter */ = {
			isa = PBXGroup;
			children = (
				B86ACABE2A6C1A5900D04485 /* LoginPresenter.swift */,
				B86ACAC62A6EFD0A00D04485 /* AppEnterCodePresenter.swift */,
			);
			path = Presenter;
			sourceTree = "<group>";
		};
		B86ACABD2A6C1A3700D04485 /* View */ = {
			isa = PBXGroup;
			children = (
				B86ACA162A62D65300D04485 /* LoginViewController.swift */,
				B86ACAC02A6C203000D04485 /* AuthCell.swift */,
				B86ACAC42A6C727400D04485 /* ApplicationCodeViewController.swift */,
				B875C38E2A817C1C004FEA92 /* CodeView.swift */,
				B842F3012A90B328001F79BC /* TimerView.swift */,
			);
			path = View;
			sourceTree = "<group>";
		};
		B86ACAC82A6F1E8400D04485 /* Views */ = {
			isa = PBXGroup;
			children = (
				B8B0623A2A616FA70020339B /* SuggestionsViewController.swift */,
				B86ACB602A7467DF00D04485 /* AgeCategoriesView.swift */,
				B86ACAC92A6F1E9F00D04485 /* AgeFilterCell.swift */,
				B86ACACB2A6F861100D04485 /* CategoriesView.swift */,
				B86ACACD2A6F874300D04485 /* CategoryCell.swift */,
				B86ACB622A74EDB500D04485 /* RecommendationsView.swift */,
				B86ACB642A74F07D00D04485 /* RecommendationCell.swift */,
				B86ACB662A74F6CA00D04485 /* RecommendationDetailViewController.swift */,
			);
			path = Views;
			sourceTree = "<group>";
		};
		B86ACAFD2A725A2100D04485 /* SosViewController */ = {
			isa = PBXGroup;
			children = (
				B86ACAFE2A725A2F00D04485 /* SosViewController.swift */,
			);
			path = SosViewController;
			sourceTree = "<group>";
		};
		B86ACB262A73D01200D04485 /* Views */ = {
			isa = PBXGroup;
			children = (
				B86ACA922A67C97100D04485 /* InspectorsViewController.swift */,
				B86ACAD72A6FAFC200D04485 /* InspectorCell.swift */,
			);
			path = Views;
			sourceTree = "<group>";
		};
		B86ACB272A73D02300D04485 /* Presenter */ = {
			isa = PBXGroup;
			children = (
				B86ACB282A73D03400D04485 /* InspectorsPresenter.swift */,
			);
			path = Presenter;
			sourceTree = "<group>";
		};
		B86ACB2C2A73E2EB00D04485 /* Presenter */ = {
			isa = PBXGroup;
			children = (
				B86ACB2E2A73E30800D04485 /* NewsPresenter.swift */,
			);
			path = Presenter;
			sourceTree = "<group>";
		};
		B86ACB2D2A73E2F300D04485 /* Views */ = {
			isa = PBXGroup;
			children = (
				B86ACA8A2A67C7BB00D04485 /* NewsViewController.swift */,
				B86ACAD32A6FA7A400D04485 /* NewsCell.swift */,
				B86ACB4F2A74398D00D04485 /* NewsDetailViewController.swift */,
			);
			path = Views;
			sourceTree = "<group>";
		};
		B86ACB342A74312B00D04485 /* Roboto */ = {
			isa = PBXGroup;
			children = (
				B86ACB352A74312B00D04485 /* Roboto-Medium.ttf */,
				B86ACB362A74312B00D04485 /* Roboto-Light.ttf */,
				B86ACB372A74312B00D04485 /* Roboto-Regular.ttf */,
				B86ACB3C2A74312B00D04485 /* Roboto-Italic.ttf */,
				B86ACB3D2A74312B00D04485 /* LICENSE.txt */,
				B86ACB3F2A74312B00D04485 /* Roboto-Bold.ttf */,
				B86ACB402A74312B00D04485 /* Roboto-Thin.ttf */,
				B86ACB412A74312B00D04485 /* Roboto-Black.ttf */,
			);
			path = Roboto;
			sourceTree = "<group>";
		};
		B86ACB512A744E4400D04485 /* Presenter */ = {
			isa = PBXGroup;
			children = (
				B86ACB522A744E5700D04485 /* SuggestionsPresenter.swift */,
			);
			path = Presenter;
			sourceTree = "<group>";
		};
		B86ACB682A750BB000D04485 /* Presenter */ = {
			isa = PBXGroup;
			children = (
				B86ACB692A750BC200D04485 /* ChatPresenter.swift */,
			);
			path = Presenter;
			sourceTree = "<group>";
		};
		B86ACB6B2A75178C00D04485 /* Views */ = {
			isa = PBXGroup;
			children = (
				B86ACA8C2A67C81100D04485 /* ChatViewController.swift */,
				B86ACB6C2A75179E00D04485 /* GamesTableView.swift */,
				B86ACB702A751DCC00D04485 /* GameViewCell.swift */,
				B875D5542A891DE700A5929F /* GameDetailViewController.swift */,
			);
			path = Views;
			sourceTree = "<group>";
		};
		B870ED762A83733000C1D0E3 /* Update Profile List */ = {
			isa = PBXGroup;
			children = (
				B870ED772A83733B00C1D0E3 /* Presenter */,
				B870ED782A83734000C1D0E3 /* Views */,
			);
			path = "Update Profile List";
			sourceTree = "<group>";
		};
		B870ED772A83733B00C1D0E3 /* Presenter */ = {
			isa = PBXGroup;
			children = (
				B870ED7B2A83735800C1D0E3 /* UpdateProfilePresenter.swift */,
			);
			path = Presenter;
			sourceTree = "<group>";
		};
		B870ED782A83734000C1D0E3 /* Views */ = {
			isa = PBXGroup;
			children = (
				B870ED792A83734E00C1D0E3 /* UpdateProfileViewController.swift */,
			);
			path = Views;
			sourceTree = "<group>";
		};
		B875C37A2A7F09EF004FEA92 /* Presenter */ = {
			isa = PBXGroup;
			children = (
				B875C37B2A7F09FC004FEA92 /* ProfileViewPresenter.swift */,
			);
			path = Presenter;
			sourceTree = "<group>";
		};
		B875C3832A80F222004FEA92 /* Presenter */ = {
			isa = PBXGroup;
			children = (
				B875C3852A80F23D004FEA92 /* ApplicationsViewPresenter.swift */,
			);
			path = Presenter;
			sourceTree = "<group>";
		};
		B875C3842A80F229004FEA92 /* View */ = {
			isa = PBXGroup;
			children = (
				B86ACA942A67C99300D04485 /* ApplicationsViewController.swift */,
			);
			path = View;
			sourceTree = "<group>";
		};
		B89621FC2A8E3E000006EDD1 /* Presenter */ = {
			isa = PBXGroup;
			children = (
				B842F2F72A8F5C90001F79BC /* PollViewPresenter.swift */,
				B842F2FF2A8F7A40001F79BC /* PollDetailViewPresenter.swift */,
			);
			path = Presenter;
			sourceTree = "<group>";
		};
		B89621FD2A8E3E080006EDD1 /* Views */ = {
			isa = PBXGroup;
			children = (
				B86ACA902A67C92F00D04485 /* PollViewController.swift */,
				B842F2F92A8F5E65001F79BC /* PollingCell.swift */,
				B842F2FB2A8F6EE3001F79BC /* PollDetailViewController.swift */,
				B842F2FD2A8F745E001F79BC /* PollAnswerCell.swift */,
			);
			path = Views;
			sourceTree = "<group>";
		};
		B8B0622A2A616FA70020339B = {
			isa = PBXGroup;
			children = (
				B8B062352A616FA70020339B /* SafeMe */,
				B8B0624C2A616FA90020339B /* SafeMeTests */,
				B8B062562A616FA90020339B /* SafeMeUITests */,
				B8B062342A616FA70020339B /* Products */,
				7D6AC226FF10BEE9654CFA38 /* Pods */,
				15E76A81CCA1243ACBEF6EC8 /* Frameworks */,
			);
			sourceTree = "<group>";
		};
		B8B062342A616FA70020339B /* Products */ = {
			isa = PBXGroup;
			children = (
				B8B062332A616FA70020339B /* SafeMe.app */,
				B8B062492A616FA90020339B /* SafeMeTests.xctest */,
				B8B062532A616FA90020339B /* SafeMeUITests.xctest */,
			);
			name = Products;
			sourceTree = "<group>";
		};
		B8B062352A616FA70020339B /* SafeMe */ = {
			isa = PBXGroup;
			children = (
				B86ACA9C2A6AC24A00D04485 /* Localization */,
				B86ACA992A6AC0DF00D04485 /* Network */,
				B86ACA962A6ABF4800D04485 /* KeyChain */,
				B8B062692A6172AD0020339B /* Model */,
				B8B062682A6171780020339B /* Extensions */,
				B8B0626A2A618A4A0020339B /* Views */,
				B8B062672A61716A0020339B /* Controllers List */,
				B8B062442A616FA90020339B /* Info.plist */,
				B8B062662A61714D0020339B /* Support */,
			);
			path = SafeMe;
			sourceTree = "<group>";
		};
		B8B0624C2A616FA90020339B /* SafeMeTests */ = {
			isa = PBXGroup;
			children = (
				B8B0624D2A616FA90020339B /* SafeMeTests.swift */,
			);
			path = SafeMeTests;
			sourceTree = "<group>";
		};
		B8B062562A616FA90020339B /* SafeMeUITests */ = {
			isa = PBXGroup;
			children = (
				B8B062572A616FA90020339B /* SafeMeUITests.swift */,
				B8B062592A616FA90020339B /* SafeMeUITestsLaunchTests.swift */,
			);
			path = SafeMeUITests;
			sourceTree = "<group>";
		};
		B8B062662A61714D0020339B /* Support */ = {
			isa = PBXGroup;
			children = (
				B86ACB342A74312B00D04485 /* Roboto */,
				B86ACA202A62EA3900D04485 /* Monserrat */,
				B8B062362A616FA70020339B /* AppDelegate.swift */,
				B8B062382A616FA70020339B /* SceneDelegate.swift */,
				B8B0623F2A616FA90020339B /* Assets.xcassets */,
				B8B062412A616FA90020339B /* LaunchScreen.storyboard */,
				B86ACA492A62EC5A00D04485 /* SetupViews.swift */,
			);
			path = Support;
			sourceTree = "<group>";
		};
		B8B062672A61716A0020339B /* Controllers List */ = {
			isa = PBXGroup;
			children = (
				B86ACA772A6667B900D04485 /* BaseViewController.swift */,
				B842F3032A90C067001F79BC /* Language List */,
				349C9B212A73C50900BC953A /* ProfileViewController */,
				B86ACAFD2A725A2100D04485 /* SosViewController */,
				B86ACA792A66E86C00D04485 /* SideMenuController */,
				B86ACA152A62D64000D04485 /* Login Controller */,
				B870ED762A83733000C1D0E3 /* Update Profile List */,
				B86ACA832A67C57C00D04485 /* Suggestions Controller */,
				B86ACA842A67C68900D04485 /* News Controller */,
				B86ACA852A67C69900D04485 /* Chat Controller */,
				B86ACA862A67C6A300D04485 /* Consultant Controller */,
				B86ACA872A67C6AC00D04485 /* Poll Controller */,
				B86ACA882A67C6C000D04485 /* Inspectors Controller */,
				B86ACA892A67C6D800D04485 /* Applications Controller */,
				B86ACA802A66F9A300D04485 /* About Controller */,
			);
			path = "Controllers List";
			sourceTree = "<group>";
		};
		B8B062682A6171780020339B /* Extensions */ = {
			isa = PBXGroup;
			children = (
				B86ACA1A2A62DFAF00D04485 /* UIView+Extension.swift */,
				B86ACA1C2A62DFCF00D04485 /* UILabel+Extension.swift */,
				B86ACA1E2A62E00400D04485 /* UIColor+Extension.swift */,
				B86ACA3D2A62EB6600D04485 /* UIFont+Extension.swift */,
				B86ACA412A62EB9E00D04485 /* Textfield+Extension.swift */,
				B86ACA452A62EBD100D04485 /* StackView+Extension.swift */,
				B86ACA4D2A62F2BE00D04485 /* Button + Extension.swift */,
				B86ACAA72A6AC47800D04485 /* Bundle+Extension.swift */,
				B86ACAB82A6AD74700D04485 /* Date+Extension.swift */,
				B86ACB322A741DEB00D04485 /* String+Extension.swift */,
			);
			path = Extensions;
			sourceTree = "<group>";
		};
		B8B062692A6172AD0020339B /* Model */ = {
			isa = PBXGroup;
			children = (
				B86ACA7C2A66E8BB00D04485 /* MenuModel.swift */,
				B86ACABA2A6C0F9C00D04485 /* AuthDataModel.swift */,
				B86ACACF2A6F903100D04485 /* CategoryModel.swift */,
				B86ACAD12A6FA69400D04485 /* NewsDataModel.swift */,
				B86ACAD52A6FAF8F00D04485 /* Inspector.swift */,
				B86ACB542A744EC400D04485 /* AgeCategory.swift */,
				B86ACB5E2A74651100D04485 /* RecommendationModel.swift */,
				B86ACB6E2A751BD700D04485 /* GameModel.swift */,
				B875C3782A7F08E8004FEA92 /* User.swift */,
				B875C3812A80F0B1004FEA92 /* ComplaintModel.swift */,
				B870ED742A83706300C1D0E3 /* DistrictModel.swift */,
				B89621FE2A8E403B0006EDD1 /* PollModel.swift */,
			);
			path = Model;
			sourceTree = "<group>";
		};
		B8B0626A2A618A4A0020339B /* Views */ = {
			isa = PBXGroup;
			children = (
				B8B0626B2A618A5B0020339B /* GradientView.swift */,
				B8B0626D2A618D620020339B /* GradientViewController.swift */,
				B86ACA182A62DF8700D04485 /* UICustomTextField.swift */,
				B86ACAC22A6C651D00D04485 /* IndicatorView.swift */,
			);
			path = Views;
			sourceTree = "<group>";
		};
/* End PBXGroup section */

/* Begin PBXNativeTarget section */
		B8B062322A616FA70020339B /* SafeMe */ = {
			isa = PBXNativeTarget;
			buildConfigurationList = B8B0625D2A616FA90020339B /* Build configuration list for PBXNativeTarget "SafeMe" */;
			buildPhases = (
				C1C8FEBEDB79027347E42054 /* [CP] Check Pods Manifest.lock */,
				B8B0622F2A616FA70020339B /* Sources */,
				B8B062302A616FA70020339B /* Frameworks */,
				B8B062312A616FA70020339B /* Resources */,
				CE0328AE8932A36ECDCA519D /* [CP] Embed Pods Frameworks */,
			);
			buildRules = (
			);
			dependencies = (
			);
			name = SafeMe;
			productName = SafeMe;
			productReference = B8B062332A616FA70020339B /* SafeMe.app */;
			productType = "com.apple.product-type.application";
		};
		B8B062482A616FA90020339B /* SafeMeTests */ = {
			isa = PBXNativeTarget;
			buildConfigurationList = B8B062602A616FA90020339B /* Build configuration list for PBXNativeTarget "SafeMeTests" */;
			buildPhases = (
				257F0EE71E6A4FD24575BF55 /* [CP] Check Pods Manifest.lock */,
				B8B062452A616FA90020339B /* Sources */,
				B8B062462A616FA90020339B /* Frameworks */,
				B8B062472A616FA90020339B /* Resources */,
			);
			buildRules = (
			);
			dependencies = (
				B8B0624B2A616FA90020339B /* PBXTargetDependency */,
			);
			name = SafeMeTests;
			productName = SafeMeTests;
			productReference = B8B062492A616FA90020339B /* SafeMeTests.xctest */;
			productType = "com.apple.product-type.bundle.unit-test";
		};
		B8B062522A616FA90020339B /* SafeMeUITests */ = {
			isa = PBXNativeTarget;
			buildConfigurationList = B8B062632A616FA90020339B /* Build configuration list for PBXNativeTarget "SafeMeUITests" */;
			buildPhases = (
				C282517980D39A17635BB113 /* [CP] Check Pods Manifest.lock */,
				B8B0624F2A616FA90020339B /* Sources */,
				B8B062502A616FA90020339B /* Frameworks */,
				B8B062512A616FA90020339B /* Resources */,
				4ECCFACA689307A538551C36 /* [CP] Embed Pods Frameworks */,
			);
			buildRules = (
			);
			dependencies = (
				B8B062552A616FA90020339B /* PBXTargetDependency */,
			);
			name = SafeMeUITests;
			productName = SafeMeUITests;
			productReference = B8B062532A616FA90020339B /* SafeMeUITests.xctest */;
			productType = "com.apple.product-type.bundle.ui-testing";
		};
/* End PBXNativeTarget section */

/* Begin PBXProject section */
		B8B0622B2A616FA70020339B /* Project object */ = {
			isa = PBXProject;
			attributes = {
				BuildIndependentTargetsInParallel = 1;
				LastSwiftUpdateCheck = 1410;
				LastUpgradeCheck = 1410;
				TargetAttributes = {
					B8B062322A616FA70020339B = {
						CreatedOnToolsVersion = 14.1;
					};
					B8B062482A616FA90020339B = {
						CreatedOnToolsVersion = 14.1;
						TestTargetID = B8B062322A616FA70020339B;
					};
					B8B062522A616FA90020339B = {
						CreatedOnToolsVersion = 14.1;
						TestTargetID = B8B062322A616FA70020339B;
					};
				};
			};
			buildConfigurationList = B8B0622E2A616FA70020339B /* Build configuration list for PBXProject "SafeMe" */;
			compatibilityVersion = "Xcode 13.0";
			developmentRegion = en;
			hasScannedForEncodings = 0;
			knownRegions = (
				en,
				Base,
				uz,
				ru,
				"uz-Cyrl",
			);
			mainGroup = B8B0622A2A616FA70020339B;
			productRefGroup = B8B062342A616FA70020339B /* Products */;
			projectDirPath = "";
			projectRoot = "";
			targets = (
				B8B062322A616FA70020339B /* SafeMe */,
				B8B062482A616FA90020339B /* SafeMeTests */,
				B8B062522A616FA90020339B /* SafeMeUITests */,
			);
		};
/* End PBXProject section */

/* Begin PBXResourcesBuildPhase section */
		B8B062312A616FA70020339B /* Resources */ = {
			isa = PBXResourcesBuildPhase;
			buildActionMask = 2147483647;
			files = (
				B86ACB492A74312B00D04485 /* Roboto-Italic.ttf in Resources */,
				B86ACA2B2A62EA5D00D04485 /* Montserrat-Bold.ttf in Resources */,
				B8B062432A616FA90020339B /* LaunchScreen.storyboard in Resources */,
				B86ACB4D2A74312B00D04485 /* Roboto-Thin.ttf in Resources */,
				B86ACB4A2A74312B00D04485 /* LICENSE.txt in Resources */,
				B86ACB432A74312B00D04485 /* Roboto-Light.ttf in Resources */,
				B86ACA282A62EA5D00D04485 /* Montserrat-ExtraLight.ttf in Resources */,
				B86ACA3A2A62EA5D00D04485 /* Montserrat-Light.ttf in Resources */,
				B86ACA342A62EA5D00D04485 /* Montserrat-SemiBold.ttf in Resources */,
				B86ACAA02A6AC3B300D04485 /* Localizable.strings in Resources */,
				B86ACA2E2A62EA5D00D04485 /* Montserrat-Regular.ttf in Resources */,
				B86ACB4C2A74312B00D04485 /* Roboto-Bold.ttf in Resources */,
				B86ACA312A62EA5D00D04485 /* Montserrat-Medium.ttf in Resources */,
				B86ACB422A74312B00D04485 /* Roboto-Medium.ttf in Resources */,
				B86ACB442A74312B00D04485 /* Roboto-Regular.ttf in Resources */,
				B86ACA372A62EA5D00D04485 /* Montserrat-Thin.ttf in Resources */,
				B86ACB4E2A74312B00D04485 /* Roboto-Black.ttf in Resources */,
				B8B062402A616FA90020339B /* Assets.xcassets in Resources */,
			);
			runOnlyForDeploymentPostprocessing = 0;
		};
		B8B062472A616FA90020339B /* Resources */ = {
			isa = PBXResourcesBuildPhase;
			buildActionMask = 2147483647;
			files = (
				B86ACA3B2A62EA5D00D04485 /* Montserrat-Light.ttf in Resources */,
				B86ACA2F2A62EA5D00D04485 /* Montserrat-Regular.ttf in Resources */,
				B86ACA2C2A62EA5D00D04485 /* Montserrat-Bold.ttf in Resources */,
				B86ACA322A62EA5D00D04485 /* Montserrat-Medium.ttf in Resources */,
				B86ACA292A62EA5D00D04485 /* Montserrat-ExtraLight.ttf in Resources */,
				B86ACA382A62EA5D00D04485 /* Montserrat-Thin.ttf in Resources */,
				B86ACA352A62EA5D00D04485 /* Montserrat-SemiBold.ttf in Resources */,
			);
			runOnlyForDeploymentPostprocessing = 0;
		};
		B8B062512A616FA90020339B /* Resources */ = {
			isa = PBXResourcesBuildPhase;
			buildActionMask = 2147483647;
			files = (
				B86ACA3C2A62EA5D00D04485 /* Montserrat-Light.ttf in Resources */,
				B86ACA302A62EA5D00D04485 /* Montserrat-Regular.ttf in Resources */,
				B86ACA2D2A62EA5D00D04485 /* Montserrat-Bold.ttf in Resources */,
				B86ACA332A62EA5D00D04485 /* Montserrat-Medium.ttf in Resources */,
				B86ACA2A2A62EA5D00D04485 /* Montserrat-ExtraLight.ttf in Resources */,
				B86ACA392A62EA5D00D04485 /* Montserrat-Thin.ttf in Resources */,
				B86ACA362A62EA5D00D04485 /* Montserrat-SemiBold.ttf in Resources */,
			);
			runOnlyForDeploymentPostprocessing = 0;
		};
/* End PBXResourcesBuildPhase section */

/* Begin PBXShellScriptBuildPhase section */
		257F0EE71E6A4FD24575BF55 /* [CP] Check Pods Manifest.lock */ = {
			isa = PBXShellScriptBuildPhase;
			buildActionMask = 2147483647;
			files = (
			);
			inputFileListPaths = (
			);
			inputPaths = (
				"${PODS_PODFILE_DIR_PATH}/Podfile.lock",
				"${PODS_ROOT}/Manifest.lock",
			);
			name = "[CP] Check Pods Manifest.lock";
			outputFileListPaths = (
			);
			outputPaths = (
				"$(DERIVED_FILE_DIR)/Pods-SafeMeTests-checkManifestLockResult.txt",
			);
			runOnlyForDeploymentPostprocessing = 0;
			shellPath = /bin/sh;
			shellScript = "diff \"${PODS_PODFILE_DIR_PATH}/Podfile.lock\" \"${PODS_ROOT}/Manifest.lock\" > /dev/null\nif [ $? != 0 ] ; then\n    # print error to STDERR\n    echo \"error: The sandbox is not in sync with the Podfile.lock. Run 'pod install' or update your CocoaPods installation.\" >&2\n    exit 1\nfi\n# This output is used by Xcode 'outputs' to avoid re-running this script phase.\necho \"SUCCESS\" > \"${SCRIPT_OUTPUT_FILE_0}\"\n";
			showEnvVarsInLog = 0;
		};
		4ECCFACA689307A538551C36 /* [CP] Embed Pods Frameworks */ = {
			isa = PBXShellScriptBuildPhase;
			buildActionMask = 2147483647;
			files = (
			);
			inputFileListPaths = (
				"${PODS_ROOT}/Target Support Files/Pods-SafeMe-SafeMeUITests/Pods-SafeMe-SafeMeUITests-frameworks-${CONFIGURATION}-input-files.xcfilelist",
			);
			name = "[CP] Embed Pods Frameworks";
			outputFileListPaths = (
				"${PODS_ROOT}/Target Support Files/Pods-SafeMe-SafeMeUITests/Pods-SafeMe-SafeMeUITests-frameworks-${CONFIGURATION}-output-files.xcfilelist",
			);
			runOnlyForDeploymentPostprocessing = 0;
			shellPath = /bin/sh;
			shellScript = "\"${PODS_ROOT}/Target Support Files/Pods-SafeMe-SafeMeUITests/Pods-SafeMe-SafeMeUITests-frameworks.sh\"\n";
			showEnvVarsInLog = 0;
		};
		C1C8FEBEDB79027347E42054 /* [CP] Check Pods Manifest.lock */ = {
			isa = PBXShellScriptBuildPhase;
			buildActionMask = 2147483647;
			files = (
			);
			inputFileListPaths = (
			);
			inputPaths = (
				"${PODS_PODFILE_DIR_PATH}/Podfile.lock",
				"${PODS_ROOT}/Manifest.lock",
			);
			name = "[CP] Check Pods Manifest.lock";
			outputFileListPaths = (
			);
			outputPaths = (
				"$(DERIVED_FILE_DIR)/Pods-SafeMe-checkManifestLockResult.txt",
			);
			runOnlyForDeploymentPostprocessing = 0;
			shellPath = /bin/sh;
			shellScript = "diff \"${PODS_PODFILE_DIR_PATH}/Podfile.lock\" \"${PODS_ROOT}/Manifest.lock\" > /dev/null\nif [ $? != 0 ] ; then\n    # print error to STDERR\n    echo \"error: The sandbox is not in sync with the Podfile.lock. Run 'pod install' or update your CocoaPods installation.\" >&2\n    exit 1\nfi\n# This output is used by Xcode 'outputs' to avoid re-running this script phase.\necho \"SUCCESS\" > \"${SCRIPT_OUTPUT_FILE_0}\"\n";
			showEnvVarsInLog = 0;
		};
		C282517980D39A17635BB113 /* [CP] Check Pods Manifest.lock */ = {
			isa = PBXShellScriptBuildPhase;
			buildActionMask = 2147483647;
			files = (
			);
			inputFileListPaths = (
			);
			inputPaths = (
				"${PODS_PODFILE_DIR_PATH}/Podfile.lock",
				"${PODS_ROOT}/Manifest.lock",
			);
			name = "[CP] Check Pods Manifest.lock";
			outputFileListPaths = (
			);
			outputPaths = (
				"$(DERIVED_FILE_DIR)/Pods-SafeMe-SafeMeUITests-checkManifestLockResult.txt",
			);
			runOnlyForDeploymentPostprocessing = 0;
			shellPath = /bin/sh;
			shellScript = "diff \"${PODS_PODFILE_DIR_PATH}/Podfile.lock\" \"${PODS_ROOT}/Manifest.lock\" > /dev/null\nif [ $? != 0 ] ; then\n    # print error to STDERR\n    echo \"error: The sandbox is not in sync with the Podfile.lock. Run 'pod install' or update your CocoaPods installation.\" >&2\n    exit 1\nfi\n# This output is used by Xcode 'outputs' to avoid re-running this script phase.\necho \"SUCCESS\" > \"${SCRIPT_OUTPUT_FILE_0}\"\n";
			showEnvVarsInLog = 0;
		};
		CE0328AE8932A36ECDCA519D /* [CP] Embed Pods Frameworks */ = {
			isa = PBXShellScriptBuildPhase;
			buildActionMask = 2147483647;
			files = (
			);
			inputFileListPaths = (
				"${PODS_ROOT}/Target Support Files/Pods-SafeMe/Pods-SafeMe-frameworks-${CONFIGURATION}-input-files.xcfilelist",
			);
			name = "[CP] Embed Pods Frameworks";
			outputFileListPaths = (
				"${PODS_ROOT}/Target Support Files/Pods-SafeMe/Pods-SafeMe-frameworks-${CONFIGURATION}-output-files.xcfilelist",
			);
			runOnlyForDeploymentPostprocessing = 0;
			shellPath = /bin/sh;
			shellScript = "\"${PODS_ROOT}/Target Support Files/Pods-SafeMe/Pods-SafeMe-frameworks.sh\"\n";
			showEnvVarsInLog = 0;
		};
/* End PBXShellScriptBuildPhase section */

/* Begin PBXSourcesBuildPhase section */
		B8B0622F2A616FA70020339B /* Sources */ = {
			isa = PBXSourcesBuildPhase;
			buildActionMask = 2147483647;
			files = (
				B86ACABF2A6C1A5900D04485 /* LoginPresenter.swift in Sources */,
				B875C3822A80F0B1004FEA92 /* ComplaintModel.swift in Sources */,
				B86ACAB32A6AD3B100D04485 /* Network.swift in Sources */,
				B86ACAAC2A6AC5A100D04485 /* StatusCode.swift in Sources */,
				B86ACA192A62DF8700D04485 /* UICustomTextField.swift in Sources */,
				B86ACAD22A6FA69400D04485 /* NewsDataModel.swift in Sources */,
				B842F3022A90B328001F79BC /* TimerView.swift in Sources */,
				B86ACAD02A6F903100D04485 /* CategoryModel.swift in Sources */,
				B86ACABB2A6C0F9C00D04485 /* AuthDataModel.swift in Sources */,
				B86ACB6F2A751BD700D04485 /* GameModel.swift in Sources */,
				B86ACB252A73C6DA00D04485 /* Inspectors+Network.swift in Sources */,
				B86ACAD62A6FAF8F00D04485 /* Inspector.swift in Sources */,
				B842F3002A8F7A40001F79BC /* PollDetailViewPresenter.swift in Sources */,
				B86ACA422A62EB9E00D04485 /* Textfield+Extension.swift in Sources */,
				B842F3092A90C36C001F79BC /* LanguageViewCell.swift in Sources */,
				B86ACA7B2A66E88D00D04485 /* MenuCell.swift in Sources */,
				B86ACB632A74EDB500D04485 /* RecommendationsView.swift in Sources */,
				B86ACAB92A6AD74700D04485 /* Date+Extension.swift in Sources */,
				B86ACAC52A6C727400D04485 /* ApplicationCodeViewController.swift in Sources */,
				B86ACA822A66F9B800D04485 /* AboutViewController.swift in Sources */,
				B86ACB532A744E5700D04485 /* SuggestionsPresenter.swift in Sources */,
				B86ACB292A73D03400D04485 /* InspectorsPresenter.swift in Sources */,
				B875C37E2A7F0A82004FEA92 /* User+Network.swift in Sources */,
				B86ACB312A73EFC500D04485 /* News+Network.swift in Sources */,
				B86ACA762A65932000D04485 /* SideMenuViewController.swift in Sources */,
				B86ACAD42A6FA7A400D04485 /* NewsCell.swift in Sources */,
				B86ACB5B2A74542C00D04485 /* Categories+Network.swift in Sources */,
				B86ACACE2A6F874300D04485 /* CategoryCell.swift in Sources */,
				B86ACB592A74515F00D04485 /* AgeCategory+Network.swift in Sources */,
				B86ACAAA2A6AC4AE00D04485 /* String+Localize.swift in Sources */,
				B86ACB552A744EC400D04485 /* AgeCategory.swift in Sources */,
				349C9B232A73C59D00BC953A /* ProfileViewController.swift in Sources */,
				B86ACB5D2A7463E100D04485 /* Recommendations+Network.swift in Sources */,
				B842F2F82A8F5C90001F79BC /* PollViewPresenter.swift in Sources */,
				B86ACA4A2A62EC5A00D04485 /* SetupViews.swift in Sources */,
				B875C3802A80EF05004FEA92 /* Complaint+Network.swift in Sources */,
				B86ACB652A74F07D00D04485 /* RecommendationCell.swift in Sources */,
				B86ACA172A62D65300D04485 /* LoginViewController.swift in Sources */,
				B875C3862A80F23D004FEA92 /* ApplicationsViewPresenter.swift in Sources */,
				B875C37C2A7F09FC004FEA92 /* ProfileViewPresenter.swift in Sources */,
				B842F2FA2A8F5E65001F79BC /* PollingCell.swift in Sources */,
				B86ACB6A2A750BC200D04485 /* ChatPresenter.swift in Sources */,
				B86ACAC32A6C651D00D04485 /* IndicatorView.swift in Sources */,
				B86ACA1B2A62DFAF00D04485 /* UIView+Extension.swift in Sources */,
				B86ACAB02A6ACF1500D04485 /* ResponseModel.swift in Sources */,
				B86ACAD82A6FAFC200D04485 /* InspectorCell.swift in Sources */,
				B8B0626E2A618D620020339B /* GradientViewController.swift in Sources */,
				B86ACB332A741DEB00D04485 /* String+Extension.swift in Sources */,
				B86ACA9B2A6AC0EF00D04485 /* ResultNetwork.swift in Sources */,
				B842F2FE2A8F745E001F79BC /* PollAnswerCell.swift in Sources */,
				B86ACA782A6667B900D04485 /* BaseViewController.swift in Sources */,
				B86ACAFF2A725A2F00D04485 /* SosViewController.swift in Sources */,
				B86ACA7D2A66E8BB00D04485 /* MenuModel.swift in Sources */,
				B86ACACC2A6F861200D04485 /* CategoriesView.swift in Sources */,
				B8B0623B2A616FA70020339B /* SuggestionsViewController.swift in Sources */,
				B86ACB612A7467DF00D04485 /* AgeCategoriesView.swift in Sources */,
				B86ACA8B2A67C7BB00D04485 /* NewsViewController.swift in Sources */,
				B86ACAC12A6C203000D04485 /* AuthCell.swift in Sources */,
				B86ACAB72A6AD5DB00D04485 /* Auth+Network.swift in Sources */,
				B86ACB732A75227100D04485 /* Games+Network.swift in Sources */,
				3401D41B2A67E4FA00978130 /* AboutCell.swift in Sources */,
				B842F2FC2A8F6EE3001F79BC /* PollDetailViewController.swift in Sources */,
				B86ACA4E2A62F2BE00D04485 /* Button + Extension.swift in Sources */,
				B8B062372A616FA70020339B /* AppDelegate.swift in Sources */,
				B870ED7C2A83735800C1D0E3 /* UpdateProfilePresenter.swift in Sources */,
				B86ACA982A6ABF6C00D04485 /* KeyChainFile.swift in Sources */,
				B86ACAA82A6AC47800D04485 /* Bundle+Extension.swift in Sources */,
				B86ACA7F2A66ED9A00D04485 /* MenuControllerPresenter.swift in Sources */,
				B89622012A8E4C1F0006EDD1 /* Poll+Network.swift in Sources */,
				B875D5552A891DE700A5929F /* GameDetailViewController.swift in Sources */,
				B86ACA952A67C99300D04485 /* ApplicationsViewController.swift in Sources */,
				B86ACB6D2A75179E00D04485 /* GamesTableView.swift in Sources */,
				B89621FF2A8E403B0006EDD1 /* PollModel.swift in Sources */,
				B875C38F2A817C1C004FEA92 /* CodeView.swift in Sources */,
				B86ACB2F2A73E30800D04485 /* NewsPresenter.swift in Sources */,
				B86ACA932A67C97100D04485 /* InspectorsViewController.swift in Sources */,
				B870ED7A2A83734E00C1D0E3 /* UpdateProfileViewController.swift in Sources */,
				B86ACA8D2A67C81100D04485 /* ChatViewController.swift in Sources */,
				B8B0626C2A618A5B0020339B /* GradientView.swift in Sources */,
				B8B062392A616FA70020339B /* SceneDelegate.swift in Sources */,
				B86ACA912A67C92F00D04485 /* PollViewController.swift in Sources */,
				B842F3052A90C092001F79BC /* LanguageViewController.swift in Sources */,
				B86ACACA2A6F1E9F00D04485 /* AgeFilterCell.swift in Sources */,
				B86ACAC72A6EFD0A00D04485 /* AppEnterCodePresenter.swift in Sources */,
				B86ACA8F2A67C84400D04485 /* ConsultantViewController.swift in Sources */,
				B86ACB5F2A74651100D04485 /* RecommendationModel.swift in Sources */,
				B86ACB672A74F6CA00D04485 /* RecommendationDetailViewController.swift in Sources */,
				B86ACA1D2A62DFCF00D04485 /* UILabel+Extension.swift in Sources */,
				B86ACA1F2A62E00400D04485 /* UIColor+Extension.swift in Sources */,
				B870ED732A82E84000C1D0E3 /* ProfileRegister+Network.swift in Sources */,
				B86ACAB52A6AD4BC00D04485 /* DeviceHeader.swift in Sources */,
				B86ACB712A751DCC00D04485 /* GameViewCell.swift in Sources */,
				B86ACB502A74398D00D04485 /* NewsDetailViewController.swift in Sources */,
				B870ED752A83706300C1D0E3 /* DistrictModel.swift in Sources */,
				B86ACA462A62EBD100D04485 /* StackView+Extension.swift in Sources */,
				B86ACA3E2A62EB6600D04485 /* UIFont+Extension.swift in Sources */,
				B86ACAAE2A6AC5F900D04485 /* API.swift in Sources */,
				B875C3792A7F08E8004FEA92 /* User.swift in Sources */,
			);
			runOnlyForDeploymentPostprocessing = 0;
		};
		B8B062452A616FA90020339B /* Sources */ = {
			isa = PBXSourcesBuildPhase;
			buildActionMask = 2147483647;
			files = (
				B86ACA3F2A62EB6600D04485 /* UIFont+Extension.swift in Sources */,
				B86ACA4F2A62F2BE00D04485 /* Button + Extension.swift in Sources */,
				B86ACA472A62EBD100D04485 /* StackView+Extension.swift in Sources */,
				B86ACA4B2A62EC5A00D04485 /* SetupViews.swift in Sources */,
				B86ACA432A62EB9E00D04485 /* Textfield+Extension.swift in Sources */,
				B8B0624E2A616FA90020339B /* SafeMeTests.swift in Sources */,
			);
			runOnlyForDeploymentPostprocessing = 0;
		};
		B8B0624F2A616FA90020339B /* Sources */ = {
			isa = PBXSourcesBuildPhase;
			buildActionMask = 2147483647;
			files = (
				B86ACA402A62EB6600D04485 /* UIFont+Extension.swift in Sources */,
				B86ACA442A62EB9E00D04485 /* Textfield+Extension.swift in Sources */,
				B86ACA502A62F2BE00D04485 /* Button + Extension.swift in Sources */,
				B8B062582A616FA90020339B /* SafeMeUITests.swift in Sources */,
				B8B0625A2A616FA90020339B /* SafeMeUITestsLaunchTests.swift in Sources */,
				B86ACA4C2A62EC5A00D04485 /* SetupViews.swift in Sources */,
				B86ACA482A62EBD100D04485 /* StackView+Extension.swift in Sources */,
			);
			runOnlyForDeploymentPostprocessing = 0;
		};
/* End PBXSourcesBuildPhase section */

/* Begin PBXTargetDependency section */
		B8B0624B2A616FA90020339B /* PBXTargetDependency */ = {
			isa = PBXTargetDependency;
			target = B8B062322A616FA70020339B /* SafeMe */;
			targetProxy = B8B0624A2A616FA90020339B /* PBXContainerItemProxy */;
		};
		B8B062552A616FA90020339B /* PBXTargetDependency */ = {
			isa = PBXTargetDependency;
			target = B8B062322A616FA70020339B /* SafeMe */;
			targetProxy = B8B062542A616FA90020339B /* PBXContainerItemProxy */;
		};
/* End PBXTargetDependency section */

/* Begin PBXVariantGroup section */
		B86ACAA22A6AC3B300D04485 /* Localizable.strings */ = {
			isa = PBXVariantGroup;
			children = (
				B86ACAA12A6AC3B300D04485 /* en */,
				B86ACAA42A6AC3CF00D04485 /* uz */,
				B86ACAA62A6AC3E600D04485 /* ru */,
				B842F30B2A90D953001F79BC /* uz-Cyrl */,
			);
			name = Localizable.strings;
			sourceTree = "<group>";
		};
		B8B062412A616FA90020339B /* LaunchScreen.storyboard */ = {
			isa = PBXVariantGroup;
			children = (
				B8B062422A616FA90020339B /* Base */,
				B86ACAA32A6AC3CF00D04485 /* uz */,
				B86ACAA52A6AC3E600D04485 /* ru */,
				B842F30A2A90D953001F79BC /* uz-Cyrl */,
			);
			name = LaunchScreen.storyboard;
			sourceTree = "<group>";
		};
/* End PBXVariantGroup section */

/* Begin XCBuildConfiguration section */
		B8B0625B2A616FA90020339B /* Debug */ = {
			isa = XCBuildConfiguration;
			buildSettings = {
				ALWAYS_SEARCH_USER_PATHS = NO;
				CLANG_ANALYZER_LOCALIZABILITY_NONLOCALIZED = YES;
				CLANG_ANALYZER_NONNULL = YES;
				CLANG_ANALYZER_NUMBER_OBJECT_CONVERSION = YES_AGGRESSIVE;
				CLANG_CXX_LANGUAGE_STANDARD = "gnu++20";
				CLANG_ENABLE_MODULES = YES;
				CLANG_ENABLE_OBJC_ARC = YES;
				CLANG_ENABLE_OBJC_WEAK = YES;
				CLANG_WARN_BLOCK_CAPTURE_AUTORELEASING = YES;
				CLANG_WARN_BOOL_CONVERSION = YES;
				CLANG_WARN_COMMA = YES;
				CLANG_WARN_CONSTANT_CONVERSION = YES;
				CLANG_WARN_DEPRECATED_OBJC_IMPLEMENTATIONS = YES;
				CLANG_WARN_DIRECT_OBJC_ISA_USAGE = YES_ERROR;
				CLANG_WARN_DOCUMENTATION_COMMENTS = YES;
				CLANG_WARN_EMPTY_BODY = YES;
				CLANG_WARN_ENUM_CONVERSION = YES;
				CLANG_WARN_INFINITE_RECURSION = YES;
				CLANG_WARN_INT_CONVERSION = YES;
				CLANG_WARN_NON_LITERAL_NULL_CONVERSION = YES;
				CLANG_WARN_OBJC_IMPLICIT_RETAIN_SELF = YES;
				CLANG_WARN_OBJC_LITERAL_CONVERSION = YES;
				CLANG_WARN_OBJC_ROOT_CLASS = YES_ERROR;
				CLANG_WARN_QUOTED_INCLUDE_IN_FRAMEWORK_HEADER = YES;
				CLANG_WARN_RANGE_LOOP_ANALYSIS = YES;
				CLANG_WARN_STRICT_PROTOTYPES = YES;
				CLANG_WARN_SUSPICIOUS_MOVE = YES;
				CLANG_WARN_UNGUARDED_AVAILABILITY = YES_AGGRESSIVE;
				CLANG_WARN_UNREACHABLE_CODE = YES;
				CLANG_WARN__DUPLICATE_METHOD_MATCH = YES;
				COPY_PHASE_STRIP = NO;
				DEBUG_INFORMATION_FORMAT = dwarf;
				ENABLE_STRICT_OBJC_MSGSEND = YES;
				ENABLE_TESTABILITY = YES;
				GCC_C_LANGUAGE_STANDARD = gnu11;
				GCC_DYNAMIC_NO_PIC = NO;
				GCC_NO_COMMON_BLOCKS = YES;
				GCC_OPTIMIZATION_LEVEL = 0;
				GCC_PREPROCESSOR_DEFINITIONS = (
					"DEBUG=1",
					"$(inherited)",
				);
				GCC_WARN_64_TO_32_BIT_CONVERSION = YES;
				GCC_WARN_ABOUT_RETURN_TYPE = YES_ERROR;
				GCC_WARN_UNDECLARED_SELECTOR = YES;
				GCC_WARN_UNINITIALIZED_AUTOS = YES_AGGRESSIVE;
				GCC_WARN_UNUSED_FUNCTION = YES;
				GCC_WARN_UNUSED_VARIABLE = YES;
				IPHONEOS_DEPLOYMENT_TARGET = 16.1;
				MTL_ENABLE_DEBUG_INFO = INCLUDE_SOURCE;
				MTL_FAST_MATH = YES;
				ONLY_ACTIVE_ARCH = YES;
				SDKROOT = iphoneos;
				SWIFT_ACTIVE_COMPILATION_CONDITIONS = DEBUG;
				SWIFT_OPTIMIZATION_LEVEL = "-Onone";
			};
			name = Debug;
		};
		B8B0625C2A616FA90020339B /* Release */ = {
			isa = XCBuildConfiguration;
			buildSettings = {
				ALWAYS_SEARCH_USER_PATHS = NO;
				CLANG_ANALYZER_LOCALIZABILITY_NONLOCALIZED = YES;
				CLANG_ANALYZER_NONNULL = YES;
				CLANG_ANALYZER_NUMBER_OBJECT_CONVERSION = YES_AGGRESSIVE;
				CLANG_CXX_LANGUAGE_STANDARD = "gnu++20";
				CLANG_ENABLE_MODULES = YES;
				CLANG_ENABLE_OBJC_ARC = YES;
				CLANG_ENABLE_OBJC_WEAK = YES;
				CLANG_WARN_BLOCK_CAPTURE_AUTORELEASING = YES;
				CLANG_WARN_BOOL_CONVERSION = YES;
				CLANG_WARN_COMMA = YES;
				CLANG_WARN_CONSTANT_CONVERSION = YES;
				CLANG_WARN_DEPRECATED_OBJC_IMPLEMENTATIONS = YES;
				CLANG_WARN_DIRECT_OBJC_ISA_USAGE = YES_ERROR;
				CLANG_WARN_DOCUMENTATION_COMMENTS = YES;
				CLANG_WARN_EMPTY_BODY = YES;
				CLANG_WARN_ENUM_CONVERSION = YES;
				CLANG_WARN_INFINITE_RECURSION = YES;
				CLANG_WARN_INT_CONVERSION = YES;
				CLANG_WARN_NON_LITERAL_NULL_CONVERSION = YES;
				CLANG_WARN_OBJC_IMPLICIT_RETAIN_SELF = YES;
				CLANG_WARN_OBJC_LITERAL_CONVERSION = YES;
				CLANG_WARN_OBJC_ROOT_CLASS = YES_ERROR;
				CLANG_WARN_QUOTED_INCLUDE_IN_FRAMEWORK_HEADER = YES;
				CLANG_WARN_RANGE_LOOP_ANALYSIS = YES;
				CLANG_WARN_STRICT_PROTOTYPES = YES;
				CLANG_WARN_SUSPICIOUS_MOVE = YES;
				CLANG_WARN_UNGUARDED_AVAILABILITY = YES_AGGRESSIVE;
				CLANG_WARN_UNREACHABLE_CODE = YES;
				CLANG_WARN__DUPLICATE_METHOD_MATCH = YES;
				COPY_PHASE_STRIP = NO;
				DEBUG_INFORMATION_FORMAT = "dwarf-with-dsym";
				ENABLE_NS_ASSERTIONS = NO;
				ENABLE_STRICT_OBJC_MSGSEND = YES;
				GCC_C_LANGUAGE_STANDARD = gnu11;
				GCC_NO_COMMON_BLOCKS = YES;
				GCC_WARN_64_TO_32_BIT_CONVERSION = YES;
				GCC_WARN_ABOUT_RETURN_TYPE = YES_ERROR;
				GCC_WARN_UNDECLARED_SELECTOR = YES;
				GCC_WARN_UNINITIALIZED_AUTOS = YES_AGGRESSIVE;
				GCC_WARN_UNUSED_FUNCTION = YES;
				GCC_WARN_UNUSED_VARIABLE = YES;
				IPHONEOS_DEPLOYMENT_TARGET = 16.1;
				MTL_ENABLE_DEBUG_INFO = NO;
				MTL_FAST_MATH = YES;
				SDKROOT = iphoneos;
				SWIFT_COMPILATION_MODE = wholemodule;
				SWIFT_OPTIMIZATION_LEVEL = "-O";
				VALIDATE_PRODUCT = YES;
			};
			name = Release;
		};
		B8B0625E2A616FA90020339B /* Debug */ = {
			isa = XCBuildConfiguration;
			baseConfigurationReference = 6C4F5EF86CDBEF3A1FF6E366 /* Pods-SafeMe.debug.xcconfig */;
			buildSettings = {
				ASSETCATALOG_COMPILER_APPICON_NAME = AppIcon;
				ASSETCATALOG_COMPILER_GLOBAL_ACCENT_COLOR_NAME = AccentColor;
				CODE_SIGN_STYLE = Automatic;
				CURRENT_PROJECT_VERSION = 1;
				DEVELOPMENT_TEAM = "";
				GENERATE_INFOPLIST_FILE = YES;
				INFOPLIST_FILE = SafeMe/Info.plist;
				INFOPLIST_KEY_UIApplicationSupportsIndirectInputEvents = YES;
				INFOPLIST_KEY_UILaunchStoryboardName = LaunchScreen.storyboard;
				INFOPLIST_KEY_UIMainStoryboardFile = "";
				INFOPLIST_KEY_UISupportedInterfaceOrientations = UIInterfaceOrientationPortrait;
				INFOPLIST_KEY_UISupportedInterfaceOrientations_iPad = "UIInterfaceOrientationLandscapeLeft UIInterfaceOrientationLandscapeRight UIInterfaceOrientationPortrait UIInterfaceOrientationPortraitUpsideDown";
				IPHONEOS_DEPLOYMENT_TARGET = 15.0;
				LD_RUNPATH_SEARCH_PATHS = (
					"$(inherited)",
					"@executable_path/Frameworks",
				);
				MARKETING_VERSION = 1.0;
				PRODUCT_BUNDLE_IDENTIFIER = TexnoPos.SafeMe;
				PRODUCT_NAME = "$(TARGET_NAME)";
				SWIFT_EMIT_LOC_STRINGS = YES;
				SWIFT_VERSION = 5.0;
				TARGETED_DEVICE_FAMILY = "1,2";
			};
			name = Debug;
		};
		B8B0625F2A616FA90020339B /* Release */ = {
			isa = XCBuildConfiguration;
			baseConfigurationReference = E0E7708B0F75FEBBF63FD539 /* Pods-SafeMe.release.xcconfig */;
			buildSettings = {
				ASSETCATALOG_COMPILER_APPICON_NAME = AppIcon;
				ASSETCATALOG_COMPILER_GLOBAL_ACCENT_COLOR_NAME = AccentColor;
				CODE_SIGN_STYLE = Automatic;
				CURRENT_PROJECT_VERSION = 1;
				DEVELOPMENT_TEAM = "";
				GENERATE_INFOPLIST_FILE = YES;
				INFOPLIST_FILE = SafeMe/Info.plist;
				INFOPLIST_KEY_UIApplicationSupportsIndirectInputEvents = YES;
				INFOPLIST_KEY_UILaunchStoryboardName = LaunchScreen.storyboard;
				INFOPLIST_KEY_UIMainStoryboardFile = "";
				INFOPLIST_KEY_UISupportedInterfaceOrientations = UIInterfaceOrientationPortrait;
				INFOPLIST_KEY_UISupportedInterfaceOrientations_iPad = "UIInterfaceOrientationLandscapeLeft UIInterfaceOrientationLandscapeRight UIInterfaceOrientationPortrait UIInterfaceOrientationPortraitUpsideDown";
				IPHONEOS_DEPLOYMENT_TARGET = 15.0;
				LD_RUNPATH_SEARCH_PATHS = (
					"$(inherited)",
					"@executable_path/Frameworks",
				);
				MARKETING_VERSION = 1.0;
				PRODUCT_BUNDLE_IDENTIFIER = TexnoPos.SafeMe;
				PRODUCT_NAME = "$(TARGET_NAME)";
				SWIFT_EMIT_LOC_STRINGS = YES;
				SWIFT_VERSION = 5.0;
				TARGETED_DEVICE_FAMILY = "1,2";
			};
			name = Release;
		};
		B8B062612A616FA90020339B /* Debug */ = {
			isa = XCBuildConfiguration;
			baseConfigurationReference = 6D9031754A17D31FDF500F6A /* Pods-SafeMeTests.debug.xcconfig */;
			buildSettings = {
				ALWAYS_EMBED_SWIFT_STANDARD_LIBRARIES = "$(inherited)";
				BUNDLE_LOADER = "$(TEST_HOST)";
				CODE_SIGN_STYLE = Automatic;
				CURRENT_PROJECT_VERSION = 1;
				DEVELOPMENT_TEAM = B9QUW9Z84N;
				GENERATE_INFOPLIST_FILE = YES;
				IPHONEOS_DEPLOYMENT_TARGET = 16.1;
				MARKETING_VERSION = 1.0;
				PRODUCT_BUNDLE_IDENTIFIER = TexnoPos.SafeMeTests;
				PRODUCT_NAME = "$(TARGET_NAME)";
				SWIFT_EMIT_LOC_STRINGS = NO;
				SWIFT_VERSION = 5.0;
				TARGETED_DEVICE_FAMILY = "1,2";
				TEST_HOST = "$(BUILT_PRODUCTS_DIR)/SafeMe.app/$(BUNDLE_EXECUTABLE_FOLDER_PATH)/SafeMe";
			};
			name = Debug;
		};
		B8B062622A616FA90020339B /* Release */ = {
			isa = XCBuildConfiguration;
			baseConfigurationReference = 269951007BF025C8AE93720C /* Pods-SafeMeTests.release.xcconfig */;
			buildSettings = {
				ALWAYS_EMBED_SWIFT_STANDARD_LIBRARIES = "$(inherited)";
				BUNDLE_LOADER = "$(TEST_HOST)";
				CODE_SIGN_STYLE = Automatic;
				CURRENT_PROJECT_VERSION = 1;
				DEVELOPMENT_TEAM = B9QUW9Z84N;
				GENERATE_INFOPLIST_FILE = YES;
				IPHONEOS_DEPLOYMENT_TARGET = 16.1;
				MARKETING_VERSION = 1.0;
				PRODUCT_BUNDLE_IDENTIFIER = TexnoPos.SafeMeTests;
				PRODUCT_NAME = "$(TARGET_NAME)";
				SWIFT_EMIT_LOC_STRINGS = NO;
				SWIFT_VERSION = 5.0;
				TARGETED_DEVICE_FAMILY = "1,2";
				TEST_HOST = "$(BUILT_PRODUCTS_DIR)/SafeMe.app/$(BUNDLE_EXECUTABLE_FOLDER_PATH)/SafeMe";
			};
			name = Release;
		};
		B8B062642A616FA90020339B /* Debug */ = {
			isa = XCBuildConfiguration;
			baseConfigurationReference = C960D7D00121BBBC76EF2AB9 /* Pods-SafeMe-SafeMeUITests.debug.xcconfig */;
			buildSettings = {
				ALWAYS_EMBED_SWIFT_STANDARD_LIBRARIES = "$(inherited)";
				CODE_SIGN_STYLE = Automatic;
				CURRENT_PROJECT_VERSION = 1;
				DEVELOPMENT_TEAM = B9QUW9Z84N;
				GENERATE_INFOPLIST_FILE = YES;
				MARKETING_VERSION = 1.0;
				PRODUCT_BUNDLE_IDENTIFIER = TexnoPos.SafeMeUITests;
				PRODUCT_NAME = "$(TARGET_NAME)";
				SWIFT_EMIT_LOC_STRINGS = NO;
				SWIFT_VERSION = 5.0;
				TARGETED_DEVICE_FAMILY = "1,2";
				TEST_TARGET_NAME = SafeMe;
			};
			name = Debug;
		};
		B8B062652A616FA90020339B /* Release */ = {
			isa = XCBuildConfiguration;
			baseConfigurationReference = 39CB27B42F29719920A5959D /* Pods-SafeMe-SafeMeUITests.release.xcconfig */;
			buildSettings = {
				ALWAYS_EMBED_SWIFT_STANDARD_LIBRARIES = "$(inherited)";
				CODE_SIGN_STYLE = Automatic;
				CURRENT_PROJECT_VERSION = 1;
				DEVELOPMENT_TEAM = B9QUW9Z84N;
				GENERATE_INFOPLIST_FILE = YES;
				MARKETING_VERSION = 1.0;
				PRODUCT_BUNDLE_IDENTIFIER = TexnoPos.SafeMeUITests;
				PRODUCT_NAME = "$(TARGET_NAME)";
				SWIFT_EMIT_LOC_STRINGS = NO;
				SWIFT_VERSION = 5.0;
				TARGETED_DEVICE_FAMILY = "1,2";
				TEST_TARGET_NAME = SafeMe;
			};
			name = Release;
		};
/* End XCBuildConfiguration section */

/* Begin XCConfigurationList section */
		B8B0622E2A616FA70020339B /* Build configuration list for PBXProject "SafeMe" */ = {
			isa = XCConfigurationList;
			buildConfigurations = (
				B8B0625B2A616FA90020339B /* Debug */,
				B8B0625C2A616FA90020339B /* Release */,
			);
			defaultConfigurationIsVisible = 0;
			defaultConfigurationName = Release;
		};
		B8B0625D2A616FA90020339B /* Build configuration list for PBXNativeTarget "SafeMe" */ = {
			isa = XCConfigurationList;
			buildConfigurations = (
				B8B0625E2A616FA90020339B /* Debug */,
				B8B0625F2A616FA90020339B /* Release */,
			);
			defaultConfigurationIsVisible = 0;
			defaultConfigurationName = Release;
		};
		B8B062602A616FA90020339B /* Build configuration list for PBXNativeTarget "SafeMeTests" */ = {
			isa = XCConfigurationList;
			buildConfigurations = (
				B8B062612A616FA90020339B /* Debug */,
				B8B062622A616FA90020339B /* Release */,
			);
			defaultConfigurationIsVisible = 0;
			defaultConfigurationName = Release;
		};
		B8B062632A616FA90020339B /* Build configuration list for PBXNativeTarget "SafeMeUITests" */ = {
			isa = XCConfigurationList;
			buildConfigurations = (
				B8B062642A616FA90020339B /* Debug */,
				B8B062652A616FA90020339B /* Release */,
			);
			defaultConfigurationIsVisible = 0;
			defaultConfigurationName = Release;
		};
/* End XCConfigurationList section */
	};
	rootObject = B8B0622B2A616FA70020339B /* Project object */;
}
